// !$*UTF8*$!
{
	archiveVersion = 1;
	classes = {
	};
	objectVersion = 48;
	objects = {

/* Begin PBXBuildFile section */
		4F419C571FE6F04D00D2E899 /* AppDelegate.swift in Sources */ = {isa = PBXBuildFile; fileRef = 4F419C561FE6F04D00D2E899 /* AppDelegate.swift */; };
		4F419C591FE6F04D00D2E899 /* ViewController.swift in Sources */ = {isa = PBXBuildFile; fileRef = 4F419C581FE6F04D00D2E899 /* ViewController.swift */; };
		4F419C5C1FE6F04D00D2E899 /* Main.storyboard in Resources */ = {isa = PBXBuildFile; fileRef = 4F419C5A1FE6F04D00D2E899 /* Main.storyboard */; };
		4F419C5E1FE6F04D00D2E899 /* Assets.xcassets in Resources */ = {isa = PBXBuildFile; fileRef = 4F419C5D1FE6F04D00D2E899 /* Assets.xcassets */; };
		4F419C611FE6F04D00D2E899 /* LaunchScreen.storyboard in Resources */ = {isa = PBXBuildFile; fileRef = 4F419C5F1FE6F04D00D2E899 /* LaunchScreen.storyboard */; };
		4F419C691FE6F16300D2E899 /* GoogleService-Info.plist in Resources */ = {isa = PBXBuildFile; fileRef = 4F419C681FE6F16300D2E899 /* GoogleService-Info.plist */; };
		4F419C6B1FE6F35F00D2E899 /* DetailViewController.swift in Sources */ = {isa = PBXBuildFile; fileRef = 4F419C6A1FE6F35F00D2E899 /* DetailViewController.swift */; };
		EF5B59F0C018ECDF0C2504FA /* Pods_FirebaseExample.framework in Frameworks */ = {isa = PBXBuildFile; fileRef = 59D5E1088DBE8533679247CD /* Pods_FirebaseExample.framework */; };
/* End PBXBuildFile section */

/* Begin PBXFileReference section */
		2D6A4439E9C26E452792DE04 /* Pods-FirebaseExample.debug.xcconfig */ = {isa = PBXFileReference; includeInIndex = 1; lastKnownFileType = text.xcconfig; name = "Pods-FirebaseExample.debug.xcconfig"; path = "Pods/Target Support Files/Pods-FirebaseExample/Pods-FirebaseExample.debug.xcconfig"; sourceTree = "<group>"; };
		4F419C531FE6F04D00D2E899 /* FirebaseExample.app */ = {isa = PBXFileReference; explicitFileType = wrapper.application; includeInIndex = 0; path = FirebaseExample.app; sourceTree = BUILT_PRODUCTS_DIR; };
		4F419C561FE6F04D00D2E899 /* AppDelegate.swift */ = {isa = PBXFileReference; lastKnownFileType = sourcecode.swift; path = AppDelegate.swift; sourceTree = "<group>"; };
		4F419C581FE6F04D00D2E899 /* ViewController.swift */ = {isa = PBXFileReference; lastKnownFileType = sourcecode.swift; path = ViewController.swift; sourceTree = "<group>"; };
		4F419C5B1FE6F04D00D2E899 /* Base */ = {isa = PBXFileReference; lastKnownFileType = file.storyboard; name = Base; path = Base.lproj/Main.storyboard; sourceTree = "<group>"; };
		4F419C5D1FE6F04D00D2E899 /* Assets.xcassets */ = {isa = PBXFileReference; lastKnownFileType = folder.assetcatalog; path = Assets.xcassets; sourceTree = "<group>"; };
		4F419C601FE6F04D00D2E899 /* Base */ = {isa = PBXFileReference; lastKnownFileType = file.storyboard; name = Base; path = Base.lproj/LaunchScreen.storyboard; sourceTree = "<group>"; };
		4F419C621FE6F04D00D2E899 /* Info.plist */ = {isa = PBXFileReference; lastKnownFileType = text.plist.xml; path = Info.plist; sourceTree = "<group>"; };
		4F419C681FE6F16300D2E899 /* GoogleService-Info.plist */ = {isa = PBXFileReference; fileEncoding = 4; lastKnownFileType = text.plist.xml; path = "GoogleService-Info.plist"; sourceTree = "<group>"; };
		4F419C6A1FE6F35F00D2E899 /* DetailViewController.swift */ = {isa = PBXFileReference; lastKnownFileType = sourcecode.swift; path = DetailViewController.swift; sourceTree = "<group>"; };
		4F419C6C1FE72E2A00D2E899 /* FirebaseExample.entitlements */ = {isa = PBXFileReference; lastKnownFileType = text.plist.entitlements; path = FirebaseExample.entitlements; sourceTree = "<group>"; };
		59D5E1088DBE8533679247CD /* Pods_FirebaseExample.framework */ = {isa = PBXFileReference; explicitFileType = wrapper.framework; includeInIndex = 0; path = Pods_FirebaseExample.framework; sourceTree = BUILT_PRODUCTS_DIR; };
		824FBE556402F0E188FE7841 /* Pods-FirebaseExample.release.xcconfig */ = {isa = PBXFileReference; includeInIndex = 1; lastKnownFileType = text.xcconfig; name = "Pods-FirebaseExample.release.xcconfig"; path = "Pods/Target Support Files/Pods-FirebaseExample/Pods-FirebaseExample.release.xcconfig"; sourceTree = "<group>"; };
/* End PBXFileReference section */

/* Begin PBXFrameworksBuildPhase section */
		4F419C501FE6F04D00D2E899 /* Frameworks */ = {
			isa = PBXFrameworksBuildPhase;
			buildActionMask = 2147483647;
			files = (
				EF5B59F0C018ECDF0C2504FA /* Pods_FirebaseExample.framework in Frameworks */,
			);
			runOnlyForDeploymentPostprocessing = 0;
		};
/* End PBXFrameworksBuildPhase section */

/* Begin PBXGroup section */
		4F419C4A1FE6F04D00D2E899 = {
			isa = PBXGroup;
			children = (
				4F419C681FE6F16300D2E899 /* GoogleService-Info.plist */,
				4F419C551FE6F04D00D2E899 /* FirebaseExample */,
				4F419C541FE6F04D00D2E899 /* Products */,
				772793127975104107583410 /* Pods */,
				AD43E974359A3B889A59AF08 /* Frameworks */,
			);
			sourceTree = "<group>";
		};
		4F419C541FE6F04D00D2E899 /* Products */ = {
			isa = PBXGroup;
			children = (
				4F419C531FE6F04D00D2E899 /* FirebaseExample.app */,
			);
			name = Products;
			sourceTree = "<group>";
		};
		4F419C551FE6F04D00D2E899 /* FirebaseExample */ = {
			isa = PBXGroup;
			children = (
				4F419C6C1FE72E2A00D2E899 /* FirebaseExample.entitlements */,
				4F419C561FE6F04D00D2E899 /* AppDelegate.swift */,
				4F419C581FE6F04D00D2E899 /* ViewController.swift */,
				4F419C6A1FE6F35F00D2E899 /* DetailViewController.swift */,
				4F419C5A1FE6F04D00D2E899 /* Main.storyboard */,
				4F419C5D1FE6F04D00D2E899 /* Assets.xcassets */,
				4F419C5F1FE6F04D00D2E899 /* LaunchScreen.storyboard */,
				4F419C621FE6F04D00D2E899 /* Info.plist */,
			);
			path = FirebaseExample;
			sourceTree = "<group>";
		};
		772793127975104107583410 /* Pods */ = {
			isa = PBXGroup;
			children = (
				2D6A4439E9C26E452792DE04 /* Pods-FirebaseExample.debug.xcconfig */,
				824FBE556402F0E188FE7841 /* Pods-FirebaseExample.release.xcconfig */,
			);
			name = Pods;
			sourceTree = "<group>";
		};
		AD43E974359A3B889A59AF08 /* Frameworks */ = {
			isa = PBXGroup;
			children = (
				59D5E1088DBE8533679247CD /* Pods_FirebaseExample.framework */,
			);
			name = Frameworks;
			sourceTree = "<group>";
		};
/* End PBXGroup section */

/* Begin PBXNativeTarget section */
		4F419C521FE6F04D00D2E899 /* FirebaseExample */ = {
			isa = PBXNativeTarget;
			buildConfigurationList = 4F419C651FE6F04D00D2E899 /* Build configuration list for PBXNativeTarget "FirebaseExample" */;
			buildPhases = (
				D616ACB3098A1931C7E2E4B5 /* [CP] Check Pods Manifest.lock */,
				4F419C4F1FE6F04D00D2E899 /* Sources */,
				4F419C501FE6F04D00D2E899 /* Frameworks */,
				4F419C511FE6F04D00D2E899 /* Resources */,
				657390153AEBBC1E034F188D /* [CP] Embed Pods Frameworks */,
				9ABC0AB0CEBCC9D7D3598CB5 /* [CP] Copy Pods Resources */,
			);
			buildRules = (
			);
			dependencies = (
			);
			name = FirebaseExample;
			productName = FirebaseExample;
			productReference = 4F419C531FE6F04D00D2E899 /* FirebaseExample.app */;
			productType = "com.apple.product-type.application";
		};
/* End PBXNativeTarget section */

/* Begin PBXProject section */
		4F419C4B1FE6F04D00D2E899 /* Project object */ = {
			isa = PBXProject;
			attributes = {
				LastSwiftUpdateCheck = 0920;
				LastUpgradeCheck = 0920;
				ORGANIZATIONNAME = "Jason Liang";
				TargetAttributes = {
					4F419C521FE6F04D00D2E899 = {
						CreatedOnToolsVersion = 9.2;
						ProvisioningStyle = Manual;
						SystemCapabilities = {
							com.apple.Push = {
								enabled = 1;
							};
						};
					};
				};
			};
			buildConfigurationList = 4F419C4E1FE6F04D00D2E899 /* Build configuration list for PBXProject "FirebaseExample" */;
			compatibilityVersion = "Xcode 8.0";
			developmentRegion = en;
			hasScannedForEncodings = 0;
			knownRegions = (
				en,
				Base,
			);
			mainGroup = 4F419C4A1FE6F04D00D2E899;
			productRefGroup = 4F419C541FE6F04D00D2E899 /* Products */;
			projectDirPath = "";
			projectRoot = "";
			targets = (
				4F419C521FE6F04D00D2E899 /* FirebaseExample */,
			);
		};
/* End PBXProject section */

/* Begin PBXResourcesBuildPhase section */
		4F419C511FE6F04D00D2E899 /* Resources */ = {
			isa = PBXResourcesBuildPhase;
			buildActionMask = 2147483647;
			files = (
				4F419C611FE6F04D00D2E899 /* LaunchScreen.storyboard in Resources */,
				4F419C691FE6F16300D2E899 /* GoogleService-Info.plist in Resources */,
				4F419C5E1FE6F04D00D2E899 /* Assets.xcassets in Resources */,
				4F419C5C1FE6F04D00D2E899 /* Main.storyboard in Resources */,
			);
			runOnlyForDeploymentPostprocessing = 0;
		};
/* End PBXResourcesBuildPhase section */

/* Begin PBXShellScriptBuildPhase section */
		657390153AEBBC1E034F188D /* [CP] Embed Pods Frameworks */ = {
			isa = PBXShellScriptBuildPhase;
			buildActionMask = 2147483647;
			files = (
			);
			inputPaths = (
				"${SRCROOT}/Pods/Target Support Files/Pods-FirebaseExample/Pods-FirebaseExample-frameworks.sh",
				"${BUILT_PRODUCTS_DIR}/GoogleToolboxForMac/GoogleToolboxForMac.framework",
				"${BUILT_PRODUCTS_DIR}/Protobuf/Protobuf.framework",
				"${BUILT_PRODUCTS_DIR}/leveldb-library/leveldb.framework",
				"${BUILT_PRODUCTS_DIR}/nanopb/nanopb.framework",
			);
			name = "[CP] Embed Pods Frameworks";
			outputPaths = (
				"${TARGET_BUILD_DIR}/${FRAMEWORKS_FOLDER_PATH}/GoogleToolboxForMac.framework",
				"${TARGET_BUILD_DIR}/${FRAMEWORKS_FOLDER_PATH}/Protobuf.framework",
				"${TARGET_BUILD_DIR}/${FRAMEWORKS_FOLDER_PATH}/leveldb.framework",
				"${TARGET_BUILD_DIR}/${FRAMEWORKS_FOLDER_PATH}/nanopb.framework",
			);
			runOnlyForDeploymentPostprocessing = 0;
			shellPath = /bin/sh;
			shellScript = "\"${SRCROOT}/Pods/Target Support Files/Pods-FirebaseExample/Pods-FirebaseExample-frameworks.sh\"\n";
			showEnvVarsInLog = 0;
		};
		9ABC0AB0CEBCC9D7D3598CB5 /* [CP] Copy Pods Resources */ = {
			isa = PBXShellScriptBuildPhase;
			buildActionMask = 2147483647;
			files = (
			);
			inputPaths = (
			);
			name = "[CP] Copy Pods Resources";
			outputPaths = (
			);
			runOnlyForDeploymentPostprocessing = 0;
			shellPath = /bin/sh;
			shellScript = "\"${SRCROOT}/Pods/Target Support Files/Pods-FirebaseExample/Pods-FirebaseExample-resources.sh\"\n";
			showEnvVarsInLog = 0;
		};
		D616ACB3098A1931C7E2E4B5 /* [CP] Check Pods Manifest.lock */ = {
			isa = PBXShellScriptBuildPhase;
			buildActionMask = 2147483647;
			files = (
			);
			inputPaths = (
				"${PODS_PODFILE_DIR_PATH}/Podfile.lock",
				"${PODS_ROOT}/Manifest.lock",
			);
			name = "[CP] Check Pods Manifest.lock";
			outputPaths = (
				"$(DERIVED_FILE_DIR)/Pods-FirebaseExample-checkManifestLockResult.txt",
			);
			runOnlyForDeploymentPostprocessing = 0;
			shellPath = /bin/sh;
			shellScript = "diff \"${PODS_PODFILE_DIR_PATH}/Podfile.lock\" \"${PODS_ROOT}/Manifest.lock\" > /dev/null\nif [ $? != 0 ] ; then\n    # print error to STDERR\n    echo \"error: The sandbox is not in sync with the Podfile.lock. Run 'pod install' or update your CocoaPods installation.\" >&2\n    exit 1\nfi\n# This output is used by Xcode 'outputs' to avoid re-running this script phase.\necho \"SUCCESS\" > \"${SCRIPT_OUTPUT_FILE_0}\"\n";
			showEnvVarsInLog = 0;
		};
/* End PBXShellScriptBuildPhase section */

/* Begin PBXSourcesBuildPhase section */
		4F419C4F1FE6F04D00D2E899 /* Sources */ = {
			isa = PBXSourcesBuildPhase;
			buildActionMask = 2147483647;
			files = (
				4F419C6B1FE6F35F00D2E899 /* DetailViewController.swift in Sources */,
				4F419C591FE6F04D00D2E899 /* ViewController.swift in Sources */,
				4F419C571FE6F04D00D2E899 /* AppDelegate.swift in Sources */,
			);
			runOnlyForDeploymentPostprocessing = 0;
		};
/* End PBXSourcesBuildPhase section */

/* Begin PBXVariantGroup section */
		4F419C5A1FE6F04D00D2E899 /* Main.storyboard */ = {
			isa = PBXVariantGroup;
			children = (
				4F419C5B1FE6F04D00D2E899 /* Base */,
			);
			name = Main.storyboard;
			sourceTree = "<group>";
		};
		4F419C5F1FE6F04D00D2E899 /* LaunchScreen.storyboard */ = {
			isa = PBXVariantGroup;
			children = (
				4F419C601FE6F04D00D2E899 /* Base */,
			);
			name = LaunchScreen.storyboard;
			sourceTree = "<group>";
		};
/* End PBXVariantGroup section */

/* Begin XCBuildConfiguration section */
		4F419C631FE6F04D00D2E899 /* Debug */ = {
			isa = XCBuildConfiguration;
			buildSettings = {
				ALWAYS_SEARCH_USER_PATHS = NO;
				CLANG_ANALYZER_NONNULL = YES;
				CLANG_ANALYZER_NUMBER_OBJECT_CONVERSION = YES_AGGRESSIVE;
				CLANG_CXX_LANGUAGE_STANDARD = "gnu++14";
				CLANG_CXX_LIBRARY = "libc++";
				CLANG_ENABLE_MODULES = YES;
				CLANG_ENABLE_OBJC_ARC = YES;
				CLANG_WARN_BLOCK_CAPTURE_AUTORELEASING = YES;
				CLANG_WARN_BOOL_CONVERSION = YES;
				CLANG_WARN_COMMA = YES;
				CLANG_WARN_CONSTANT_CONVERSION = YES;
				CLANG_WARN_DIRECT_OBJC_ISA_USAGE = YES_ERROR;
				CLANG_WARN_DOCUMENTATION_COMMENTS = YES;
				CLANG_WARN_EMPTY_BODY = YES;
				CLANG_WARN_ENUM_CONVERSION = YES;
				CLANG_WARN_INFINITE_RECURSION = YES;
				CLANG_WARN_INT_CONVERSION = YES;
				CLANG_WARN_NON_LITERAL_NULL_CONVERSION = YES;
				CLANG_WARN_OBJC_LITERAL_CONVERSION = YES;
				CLANG_WARN_OBJC_ROOT_CLASS = YES_ERROR;
				CLANG_WARN_RANGE_LOOP_ANALYSIS = YES;
				CLANG_WARN_STRICT_PROTOTYPES = YES;
				CLANG_WARN_SUSPICIOUS_MOVE = YES;
				CLANG_WARN_UNGUARDED_AVAILABILITY = YES_AGGRESSIVE;
				CLANG_WARN_UNREACHABLE_CODE = YES;
				CLANG_WARN__DUPLICATE_METHOD_MATCH = YES;
				CODE_SIGN_IDENTITY = "iPhone Developer";
				COPY_PHASE_STRIP = NO;
				DEBUG_INFORMATION_FORMAT = dwarf;
				ENABLE_STRICT_OBJC_MSGSEND = YES;
				ENABLE_TESTABILITY = YES;
				GCC_C_LANGUAGE_STANDARD = gnu11;
				GCC_DYNAMIC_NO_PIC = NO;
				GCC_NO_COMMON_BLOCKS = YES;
				GCC_OPTIMIZATION_LEVEL = 0;
				GCC_PREPROCESSOR_DEFINITIONS = (
					"DEBUG=1",
					"$(inherited)",
				);
				GCC_WARN_64_TO_32_BIT_CONVERSION = YES;
				GCC_WARN_ABOUT_RETURN_TYPE = YES_ERROR;
				GCC_WARN_UNDECLARED_SELECTOR = YES;
				GCC_WARN_UNINITIALIZED_AUTOS = YES_AGGRESSIVE;
				GCC_WARN_UNUSED_FUNCTION = YES;
				GCC_WARN_UNUSED_VARIABLE = YES;
				IPHONEOS_DEPLOYMENT_TARGET = 11.0;
				MTL_ENABLE_DEBUG_INFO = YES;
				ONLY_ACTIVE_ARCH = YES;
				SDKROOT = iphoneos;
				SWIFT_ACTIVE_COMPILATION_CONDITIONS = DEBUG;
				SWIFT_OPTIMIZATION_LEVEL = "-Onone";
			};
			name = Debug;
		};
		4F419C641FE6F04D00D2E899 /* Release */ = {
			isa = XCBuildConfiguration;
			buildSettings = {
				ALWAYS_SEARCH_USER_PATHS = NO;
				CLANG_ANALYZER_NONNULL = YES;
				CLANG_ANALYZER_NUMBER_OBJECT_CONVERSION = YES_AGGRESSIVE;
				CLANG_CXX_LANGUAGE_STANDARD = "gnu++14";
				CLANG_CXX_LIBRARY = "libc++";
				CLANG_ENABLE_MODULES = YES;
				CLANG_ENABLE_OBJC_ARC = YES;
				CLANG_WARN_BLOCK_CAPTURE_AUTORELEASING = YES;
				CLANG_WARN_BOOL_CONVERSION = YES;
				CLANG_WARN_COMMA = YES;
				CLANG_WARN_CONSTANT_CONVERSION = YES;
				CLANG_WARN_DIRECT_OBJC_ISA_USAGE = YES_ERROR;
				CLANG_WARN_DOCUMENTATION_COMMENTS = YES;
				CLANG_WARN_EMPTY_BODY = YES;
				CLANG_WARN_ENUM_CONVERSION = YES;
				CLANG_WARN_INFINITE_RECURSION = YES;
				CLANG_WARN_INT_CONVERSION = YES;
				CLANG_WARN_NON_LITERAL_NULL_CONVERSION = YES;
				CLANG_WARN_OBJC_LITERAL_CONVERSION = YES;
				CLANG_WARN_OBJC_ROOT_CLASS = YES_ERROR;
				CLANG_WARN_RANGE_LOOP_ANALYSIS = YES;
				CLANG_WARN_STRICT_PROTOTYPES = YES;
				CLANG_WARN_SUSPICIOUS_MOVE = YES;
				CLANG_WARN_UNGUARDED_AVAILABILITY = YES_AGGRESSIVE;
				CLANG_WARN_UNREACHABLE_CODE = YES;
				CLANG_WARN__DUPLICATE_METHOD_MATCH = YES;
				CODE_SIGN_IDENTITY = "iPhone Developer";
				COPY_PHASE_STRIP = NO;
				DEBUG_INFORMATION_FORMAT = "dwarf-with-dsym";
				ENABLE_NS_ASSERTIONS = NO;
				ENABLE_STRICT_OBJC_MSGSEND = YES;
				GCC_C_LANGUAGE_STANDARD = gnu11;
				GCC_NO_COMMON_BLOCKS = YES;
				GCC_WARN_64_TO_32_BIT_CONVERSION = YES;
				GCC_WARN_ABOUT_RETURN_TYPE = YES_ERROR;
				GCC_WARN_UNDECLARED_SELECTOR = YES;
				GCC_WARN_UNINITIALIZED_AUTOS = YES_AGGRESSIVE;
				GCC_WARN_UNUSED_FUNCTION = YES;
				GCC_WARN_UNUSED_VARIABLE = YES;
				IPHONEOS_DEPLOYMENT_TARGET = 11.0;
				MTL_ENABLE_DEBUG_INFO = NO;
				SDKROOT = iphoneos;
				SWIFT_OPTIMIZATION_LEVEL = "-Owholemodule";
				VALIDATE_PRODUCT = YES;
			};
			name = Release;
		};
		4F419C661FE6F04D00D2E899 /* Debug */ = {
			isa = XCBuildConfiguration;
			baseConfigurationReference = 2D6A4439E9C26E452792DE04 /* Pods-FirebaseExample.debug.xcconfig */;
			buildSettings = {
				ASSETCATALOG_COMPILER_APPICON_NAME = AppIcon;
				CODE_SIGN_ENTITLEMENTS = FirebaseExample/FirebaseExample.entitlements;
				CODE_SIGN_STYLE = Manual;
				DEVELOPMENT_TEAM = U36336MP79;
				INFOPLIST_FILE = FirebaseExample/Info.plist;
				IPHONEOS_DEPLOYMENT_TARGET = 11.0;
				LD_RUNPATH_SEARCH_PATHS = "$(inherited) @executable_path/Frameworks";
				PRODUCT_BUNDLE_IDENTIFIER = com.jasonliang.firebase;
				PRODUCT_NAME = "$(TARGET_NAME)";
				PROVISIONING_PROFILE = "26689aa2-767d-4890-9b78-1709f32e2c18";
				PROVISIONING_PROFILE_SPECIFIER = JasonFirebaseDev;
				SWIFT_VERSION = 4.0;
				TARGETED_DEVICE_FAMILY = "1,2";
			};
			name = Debug;
		};
		4F419C671FE6F04D00D2E899 /* Release */ = {
			isa = XCBuildConfiguration;
			baseConfigurationReference = 824FBE556402F0E188FE7841 /* Pods-FirebaseExample.release.xcconfig */;
			buildSettings = {
				ASSETCATALOG_COMPILER_APPICON_NAME = AppIcon;
				CODE_SIGN_ENTITLEMENTS = FirebaseExample/FirebaseExample.entitlements;
				CODE_SIGN_STYLE = Manual;
				DEVELOPMENT_TEAM = "";
				INFOPLIST_FILE = FirebaseExample/Info.plist;
				IPHONEOS_DEPLOYMENT_TARGET = 11.0;
				LD_RUNPATH_SEARCH_PATHS = "$(inherited) @executable_path/Frameworks";
				PRODUCT_BUNDLE_IDENTIFIER = com.jasonliang.firebase;
				PRODUCT_NAME = "$(TARGET_NAME)";
				PROVISIONING_PROFILE_SPECIFIER = "";
				SWIFT_VERSION = 4.0;
				TARGETED_DEVICE_FAMILY = "1,2";
			};
			name = Release;
		};
/* End XCBuildConfiguration section */

/* Begin XCConfigurationList section */
		4F419C4E1FE6F04D00D2E899 /* Build configuration list for PBXProject "FirebaseExample" */ = {
			isa = XCConfigurationList;
			buildConfigurations = (
				4F419C631FE6F04D00D2E899 /* Debug */,
				4F419C641FE6F04D00D2E899 /* Release */,
			);
			defaultConfigurationIsVisible = 0;
			defaultConfigurationName = Release;
		};
		4F419C651FE6F04D00D2E899 /* Build configuration list for PBXNativeTarget "FirebaseExample" */ = {
			isa = XCConfigurationList;
			buildConfigurations = (
				4F419C661FE6F04D00D2E899 /* Debug */,
				4F419C671FE6F04D00D2E899 /* Release */,
			);
			defaultConfigurationIsVisible = 0;
			defaultConfigurationName = Release;
		};
/* End XCConfigurationList section */
	};
	rootObject = 4F419C4B1FE6F04D00D2E899 /* Project object */;
}
