// !$*UTF8*$!
{
	archiveVersion = 1;
	classes = {
	};
	objectVersion = 50;
	objects = {

/* Begin PBXBuildFile section */
		4F14365A207F91680045BAC9 /* main.m in Sources */ = {isa = PBXBuildFile; fileRef = 4F143659207F91680045BAC9 /* main.m */; };
		4F143662207F91D50045BAC9 /* Player.m in Sources */ = {isa = PBXBuildFile; fileRef = 4F143661207F91D50045BAC9 /* Player.m */; };
		4F143665207F9E7A0045BAC9 /* Student.m in Sources */ = {isa = PBXBuildFile; fileRef = 4F143664207F9E7A0045BAC9 /* Student.m */; };
		4F143668207F9E820045BAC9 /* Teacher.m in Sources */ = {isa = PBXBuildFile; fileRef = 4F143667207F9E820045BAC9 /* Teacher.m */; };
		4F14366B207FA4F50045BAC9 /* Minion.m in Sources */ = {isa = PBXBuildFile; fileRef = 4F14366A207FA4F50045BAC9 /* Minion.m */; };
/* End PBXBuildFile section */

/* Begin PBXCopyFilesBuildPhase section */
		4F143654207F91680045BAC9 /* CopyFiles */ = {
			isa = PBXCopyFilesBuildPhase;
			buildActionMask = 2147483647;
			dstPath = /usr/share/man/man1/;
			dstSubfolderSpec = 0;
			files = (
			);
			runOnlyForDeploymentPostprocessing = 1;
		};
/* End PBXCopyFilesBuildPhase section */

/* Begin PBXFileReference section */
		4F143656207F91680045BAC9 /* W1D4 */ = {isa = PBXFileReference; explicitFileType = "compiled.mach-o.executable"; includeInIndex = 0; path = W1D4; sourceTree = BUILT_PRODUCTS_DIR; };
		4F143659207F91680045BAC9 /* main.m */ = {isa = PBXFileReference; lastKnownFileType = sourcecode.c.objc; path = main.m; sourceTree = "<group>"; };
		4F143660207F91D50045BAC9 /* Player.h */ = {isa = PBXFileReference; lastKnownFileType = sourcecode.c.h; path = Player.h; sourceTree = "<group>"; };
		4F143661207F91D50045BAC9 /* Player.m */ = {isa = PBXFileReference; lastKnownFileType = sourcecode.c.objc; path = Player.m; sourceTree = "<group>"; };
		4F143663207F9E7A0045BAC9 /* Student.h */ = {isa = PBXFileReference; lastKnownFileType = sourcecode.c.h; path = Student.h; sourceTree = "<group>"; };
		4F143664207F9E7A0045BAC9 /* Student.m */ = {isa = PBXFileReference; lastKnownFileType = sourcecode.c.objc; path = Student.m; sourceTree = "<group>"; };
		4F143666207F9E820045BAC9 /* Teacher.h */ = {isa = PBXFileReference; lastKnownFileType = sourcecode.c.h; path = Teacher.h; sourceTree = "<group>"; };
		4F143667207F9E820045BAC9 /* Teacher.m */ = {isa = PBXFileReference; lastKnownFileType = sourcecode.c.objc; path = Teacher.m; sourceTree = "<group>"; };
		4F143669207FA4F50045BAC9 /* Minion.h */ = {isa = PBXFileReference; lastKnownFileType = sourcecode.c.h; path = Minion.h; sourceTree = "<group>"; };
		4F14366A207FA4F50045BAC9 /* Minion.m */ = {isa = PBXFileReference; lastKnownFileType = sourcecode.c.objc; path = Minion.m; sourceTree = "<group>"; };
/* End PBXFileReference section */

/* Begin PBXFrameworksBuildPhase section */
		4F143653207F91680045BAC9 /* Frameworks */ = {
			isa = PBXFrameworksBuildPhase;
			buildActionMask = 2147483647;
			files = (
			);
			runOnlyForDeploymentPostprocessing = 0;
		};
/* End PBXFrameworksBuildPhase section */

/* Begin PBXGroup section */
		4F14364D207F91680045BAC9 = {
			isa = PBXGroup;
			children = (
				4F143658207F91680045BAC9 /* W1D4 */,
				4F143657207F91680045BAC9 /* Products */,
			);
			sourceTree = "<group>";
		};
		4F143657207F91680045BAC9 /* Products */ = {
			isa = PBXGroup;
			children = (
				4F143656207F91680045BAC9 /* W1D4 */,
			);
			name = Products;
			sourceTree = "<group>";
		};
		4F143658207F91680045BAC9 /* W1D4 */ = {
			isa = PBXGroup;
			children = (
				4F143659207F91680045BAC9 /* main.m */,
				4F143669207FA4F50045BAC9 /* Minion.h */,
				4F14366A207FA4F50045BAC9 /* Minion.m */,
				4F143660207F91D50045BAC9 /* Player.h */,
				4F143661207F91D50045BAC9 /* Player.m */,
				4F143663207F9E7A0045BAC9 /* Student.h */,
				4F143664207F9E7A0045BAC9 /* Student.m */,
				4F143666207F9E820045BAC9 /* Teacher.h */,
				4F143667207F9E820045BAC9 /* Teacher.m */,
			);
			path = W1D4;
			sourceTree = "<group>";
		};
/* End PBXGroup section */

/* Begin PBXNativeTarget section */
		4F143655207F91680045BAC9 /* W1D4 */ = {
			isa = PBXNativeTarget;
			buildConfigurationList = 4F14365D207F91680045BAC9 /* Build configuration list for PBXNativeTarget "W1D4" */;
			buildPhases = (
				4F143652207F91680045BAC9 /* Sources */,
				4F143653207F91680045BAC9 /* Frameworks */,
				4F143654207F91680045BAC9 /* CopyFiles */,
			);
			buildRules = (
			);
			dependencies = (
			);
			name = W1D4;
			productName = W1D4;
			productReference = 4F143656207F91680045BAC9 /* W1D4 */;
			productType = "com.apple.product-type.tool";
		};
/* End PBXNativeTarget section */

/* Begin PBXProject section */
		4F14364E207F91680045BAC9 /* Project object */ = {
			isa = PBXProject;
			attributes = {
				LastUpgradeCheck = 0930;
				ORGANIZATIONNAME = jasonliang;
				TargetAttributes = {
					4F143655207F91680045BAC9 = {
						CreatedOnToolsVersion = 9.3;
					};
				};
			};
			buildConfigurationList = 4F143651207F91680045BAC9 /* Build configuration list for PBXProject "W1D4" */;
			compatibilityVersion = "Xcode 9.3";
			developmentRegion = en;
			hasScannedForEncodings = 0;
			knownRegions = (
				en,
			);
			mainGroup = 4F14364D207F91680045BAC9;
			productRefGroup = 4F143657207F91680045BAC9 /* Products */;
			projectDirPath = "";
			projectRoot = "";
			targets = (
				4F143655207F91680045BAC9 /* W1D4 */,
			);
		};
/* End PBXProject section */

/* Begin PBXSourcesBuildPhase section */
		4F143652207F91680045BAC9 /* Sources */ = {
			isa = PBXSourcesBuildPhase;
			buildActionMask = 2147483647;
			files = (
				4F143668207F9E820045BAC9 /* Teacher.m in Sources */,
				4F143662207F91D50045BAC9 /* Player.m in Sources */,
				4F14366B207FA4F50045BAC9 /* Minion.m in Sources */,
				4F14365A207F91680045BAC9 /* main.m in Sources */,
				4F143665207F9E7A0045BAC9 /* Student.m in Sources */,
			);
			runOnlyForDeploymentPostprocessing = 0;
		};
/* End PBXSourcesBuildPhase section */

/* Begin XCBuildConfiguration section */
		4F14365B207F91680045BAC9 /* Debug */ = {
			isa = XCBuildConfiguration;
			buildSettings = {
				ALWAYS_SEARCH_USER_PATHS = NO;
				CLANG_ANALYZER_NONNULL = YES;
				CLANG_ANALYZER_NUMBER_OBJECT_CONVERSION = YES_AGGRESSIVE;
				CLANG_CXX_LANGUAGE_STANDARD = "gnu++14";
				CLANG_CXX_LIBRARY = "libc++";
				CLANG_ENABLE_MODULES = YES;
				CLANG_ENABLE_OBJC_ARC = YES;
				CLANG_ENABLE_OBJC_WEAK = YES;
				CLANG_WARN_BLOCK_CAPTURE_AUTORELEASING = YES;
				CLANG_WARN_BOOL_CONVERSION = YES;
				CLANG_WARN_COMMA = YES;
				CLANG_WARN_CONSTANT_CONVERSION = YES;
				CLANG_WARN_DEPRECATED_OBJC_IMPLEMENTATIONS = YES;
				CLANG_WARN_DIRECT_OBJC_ISA_USAGE = YES_ERROR;
				CLANG_WARN_DOCUMENTATION_COMMENTS = YES;
				CLANG_WARN_EMPTY_BODY = YES;
				CLANG_WARN_ENUM_CONVERSION = YES;
				CLANG_WARN_INFINITE_RECURSION = YES;
				CLANG_WARN_INT_CONVERSION = YES;
				CLANG_WARN_NON_LITERAL_NULL_CONVERSION = YES;
				CLANG_WARN_OBJC_IMPLICIT_RETAIN_SELF = YES;
				CLANG_WARN_OBJC_LITERAL_CONVERSION = YES;
				CLANG_WARN_OBJC_ROOT_CLASS = YES_ERROR;
				CLANG_WARN_RANGE_LOOP_ANALYSIS = YES;
				CLANG_WARN_STRICT_PROTOTYPES = YES;
				CLANG_WARN_SUSPICIOUS_MOVE = YES;
				CLANG_WARN_UNGUARDED_AVAILABILITY = YES_AGGRESSIVE;
				CLANG_WARN_UNREACHABLE_CODE = YES;
				CLANG_WARN__DUPLICATE_METHOD_MATCH = YES;
				CODE_SIGN_IDENTITY = "Mac Developer";
				COPY_PHASE_STRIP = NO;
				DEBUG_INFORMATION_FORMAT = dwarf;
				ENABLE_STRICT_OBJC_MSGSEND = YES;
				ENABLE_TESTABILITY = YES;
				GCC_C_LANGUAGE_STANDARD = gnu11;
				GCC_DYNAMIC_NO_PIC = NO;
				GCC_NO_COMMON_BLOCKS = YES;
				GCC_OPTIMIZATION_LEVEL = 0;
				GCC_PREPROCESSOR_DEFINITIONS = (
					"DEBUG=1",
					"$(inherited)",
				);
				GCC_WARN_64_TO_32_BIT_CONVERSION = YES;
				GCC_WARN_ABOUT_RETURN_TYPE = YES_ERROR;
				GCC_WARN_UNDECLARED_SELECTOR = YES;
				GCC_WARN_UNINITIALIZED_AUTOS = YES_AGGRESSIVE;
				GCC_WARN_UNUSED_FUNCTION = YES;
				GCC_WARN_UNUSED_VARIABLE = YES;
				MACOSX_DEPLOYMENT_TARGET = 10.13;
				MTL_ENABLE_DEBUG_INFO = YES;
				ONLY_ACTIVE_ARCH = YES;
				SDKROOT = macosx;
			};
			name = Debug;
		};
		4F14365C207F91680045BAC9 /* Release */ = {
			isa = XCBuildConfiguration;
			buildSettings = {
				ALWAYS_SEARCH_USER_PATHS = NO;
				CLANG_ANALYZER_NONNULL = YES;
				CLANG_ANALYZER_NUMBER_OBJECT_CONVERSION = YES_AGGRESSIVE;
				CLANG_CXX_LANGUAGE_STANDARD = "gnu++14";
				CLANG_CXX_LIBRARY = "libc++";
				CLANG_ENABLE_MODULES = YES;
				CLANG_ENABLE_OBJC_ARC = YES;
				CLANG_ENABLE_OBJC_WEAK = YES;
				CLANG_WARN_BLOCK_CAPTURE_AUTORELEASING = YES;
				CLANG_WARN_BOOL_CONVERSION = YES;
				CLANG_WARN_COMMA = YES;
				CLANG_WARN_CONSTANT_CONVERSION = YES;
				CLANG_WARN_DEPRECATED_OBJC_IMPLEMENTATIONS = YES;
				CLANG_WARN_DIRECT_OBJC_ISA_USAGE = YES_ERROR;
				CLANG_WARN_DOCUMENTATION_COMMENTS = YES;
				CLANG_WARN_EMPTY_BODY = YES;
				CLANG_WARN_ENUM_CONVERSION = YES;
				CLANG_WARN_INFINITE_RECURSION = YES;
				CLANG_WARN_INT_CONVERSION = YES;
				CLANG_WARN_NON_LITERAL_NULL_CONVERSION = YES;
				CLANG_WARN_OBJC_IMPLICIT_RETAIN_SELF = YES;
				CLANG_WARN_OBJC_LITERAL_CONVERSION = YES;
				CLANG_WARN_OBJC_ROOT_CLASS = YES_ERROR;
				CLANG_WARN_RANGE_LOOP_ANALYSIS = YES;
				CLANG_WARN_STRICT_PROTOTYPES = YES;
				CLANG_WARN_SUSPICIOUS_MOVE = YES;
				CLANG_WARN_UNGUARDED_AVAILABILITY = YES_AGGRESSIVE;
				CLANG_WARN_UNREACHABLE_CODE = YES;
				CLANG_WARN__DUPLICATE_METHOD_MATCH = YES;
				CODE_SIGN_IDENTITY = "Mac Developer";
				COPY_PHASE_STRIP = NO;
				DEBUG_INFORMATION_FORMAT = "dwarf-with-dsym";
				ENABLE_NS_ASSERTIONS = NO;
				ENABLE_STRICT_OBJC_MSGSEND = YES;
				GCC_C_LANGUAGE_STANDARD = gnu11;
				GCC_NO_COMMON_BLOCKS = YES;
				GCC_WARN_64_TO_32_BIT_CONVERSION = YES;
				GCC_WARN_ABOUT_RETURN_TYPE = YES_ERROR;
				GCC_WARN_UNDECLARED_SELECTOR = YES;
				GCC_WARN_UNINITIALIZED_AUTOS = YES_AGGRESSIVE;
				GCC_WARN_UNUSED_FUNCTION = YES;
				GCC_WARN_UNUSED_VARIABLE = YES;
				MACOSX_DEPLOYMENT_TARGET = 10.13;
				MTL_ENABLE_DEBUG_INFO = NO;
				SDKROOT = macosx;
			};
			name = Release;
		};
		4F14365E207F91680045BAC9 /* Debug */ = {
			isa = XCBuildConfiguration;
			buildSettings = {
				CODE_SIGN_STYLE = Automatic;
				DEVELOPMENT_TEAM = JA5QR95VM9;
				PRODUCT_NAME = "$(TARGET_NAME)";
			};
			name = Debug;
		};
		4F14365F207F91680045BAC9 /* Release */ = {
			isa = XCBuildConfiguration;
			buildSettings = {
				CODE_SIGN_STYLE = Automatic;
				DEVELOPMENT_TEAM = JA5QR95VM9;
				PRODUCT_NAME = "$(TARGET_NAME)";
			};
			name = Release;
		};
/* End XCBuildConfiguration section */

/* Begin XCConfigurationList section */
		4F143651207F91680045BAC9 /* Build configuration list for PBXProject "W1D4" */ = {
			isa = XCConfigurationList;
			buildConfigurations = (
				4F14365B207F91680045BAC9 /* Debug */,
				4F14365C207F91680045BAC9 /* Release */,
			);
			defaultConfigurationIsVisible = 0;
			defaultConfigurationName = Release;
		};
		4F14365D207F91680045BAC9 /* Build configuration list for PBXNativeTarget "W1D4" */ = {
			isa = XCConfigurationList;
			buildConfigurations = (
				4F14365E207F91680045BAC9 /* Debug */,
				4F14365F207F91680045BAC9 /* Release */,
			);
			defaultConfigurationIsVisible = 0;
			defaultConfigurationName = Release;
		};
/* End XCConfigurationList section */
	};
	rootObject = 4F14364E207F91680045BAC9 /* Project object */;
}
