// !$*UTF8*$!
{
	archiveVersion = 1;
	classes = {
	};
	objectVersion = 48;
	objects = {

/* Begin PBXBuildFile section */
		4FCB3AE41FD59D4500FD9FDB /* AppDelegate.swift in Sources */ = {isa = PBXBuildFile; fileRef = 4FCB3AE31FD59D4500FD9FDB /* AppDelegate.swift */; };
		4FCB3AE61FD59D4500FD9FDB /* ViewController.swift in Sources */ = {isa = PBXBuildFile; fileRef = 4FCB3AE51FD59D4500FD9FDB /* ViewController.swift */; };
		4FCB3AE91FD59D4500FD9FDB /* Main.storyboard in Resources */ = {isa = PBXBuildFile; fileRef = 4FCB3AE71FD59D4500FD9FDB /* Main.storyboard */; };
		4FCB3AEB1FD59D4500FD9FDB /* Assets.xcassets in Resources */ = {isa = PBXBuildFile; fileRef = 4FCB3AEA1FD59D4500FD9FDB /* Assets.xcassets */; };
		4FCB3AEE1FD59D4500FD9FDB /* LaunchScreen.storyboard in Resources */ = {isa = PBXBuildFile; fileRef = 4FCB3AEC1FD59D4500FD9FDB /* LaunchScreen.storyboard */; };
		4FCB3AF61FD5ACC700FD9FDB /* sound.caf in Resources */ = {isa = PBXBuildFile; fileRef = 4FCB3AF51FD5ABE000FD9FDB /* sound.caf */; };
/* End PBXBuildFile section */

/* Begin PBXFileReference section */
		4FCB3AE01FD59D4500FD9FDB /* W6D1.app */ = {isa = PBXFileReference; explicitFileType = wrapper.application; includeInIndex = 0; path = W6D1.app; sourceTree = BUILT_PRODUCTS_DIR; };
		4FCB3AE31FD59D4500FD9FDB /* AppDelegate.swift */ = {isa = PBXFileReference; lastKnownFileType = sourcecode.swift; path = AppDelegate.swift; sourceTree = "<group>"; };
		4FCB3AE51FD59D4500FD9FDB /* ViewController.swift */ = {isa = PBXFileReference; lastKnownFileType = sourcecode.swift; path = ViewController.swift; sourceTree = "<group>"; };
		4FCB3AE81FD59D4500FD9FDB /* Base */ = {isa = PBXFileReference; lastKnownFileType = file.storyboard; name = Base; path = Base.lproj/Main.storyboard; sourceTree = "<group>"; };
		4FCB3AEA1FD59D4500FD9FDB /* Assets.xcassets */ = {isa = PBXFileReference; lastKnownFileType = folder.assetcatalog; path = Assets.xcassets; sourceTree = "<group>"; };
		4FCB3AED1FD59D4500FD9FDB /* Base */ = {isa = PBXFileReference; lastKnownFileType = file.storyboard; name = Base; path = Base.lproj/LaunchScreen.storyboard; sourceTree = "<group>"; };
		4FCB3AEF1FD59D4500FD9FDB /* Info.plist */ = {isa = PBXFileReference; lastKnownFileType = text.plist.xml; path = Info.plist; sourceTree = "<group>"; };
		4FCB3AF51FD5ABE000FD9FDB /* sound.caf */ = {isa = PBXFileReference; lastKnownFileType = file; path = sound.caf; sourceTree = "<group>"; };
/* End PBXFileReference section */

/* Begin PBXFrameworksBuildPhase section */
		4FCB3ADD1FD59D4500FD9FDB /* Frameworks */ = {
			isa = PBXFrameworksBuildPhase;
			buildActionMask = 2147483647;
			files = (
			);
			runOnlyForDeploymentPostprocessing = 0;
		};
/* End PBXFrameworksBuildPhase section */

/* Begin PBXGroup section */
		4FCB3AD71FD59D4400FD9FDB = {
			isa = PBXGroup;
			children = (
				4FCB3AE21FD59D4500FD9FDB /* W6D1 */,
				4FCB3AE11FD59D4500FD9FDB /* Products */,
			);
			sourceTree = "<group>";
		};
		4FCB3AE11FD59D4500FD9FDB /* Products */ = {
			isa = PBXGroup;
			children = (
				4FCB3AE01FD59D4500FD9FDB /* W6D1.app */,
			);
			name = Products;
			sourceTree = "<group>";
		};
		4FCB3AE21FD59D4500FD9FDB /* W6D1 */ = {
			isa = PBXGroup;
			children = (
				4FCB3AE31FD59D4500FD9FDB /* AppDelegate.swift */,
				4FCB3AE51FD59D4500FD9FDB /* ViewController.swift */,
				4FCB3AE71FD59D4500FD9FDB /* Main.storyboard */,
				4FCB3AEA1FD59D4500FD9FDB /* Assets.xcassets */,
				4FCB3AEC1FD59D4500FD9FDB /* LaunchScreen.storyboard */,
				4FCB3AF51FD5ABE000FD9FDB /* sound.caf */,
				4FCB3AEF1FD59D4500FD9FDB /* Info.plist */,
			);
			path = W6D1;
			sourceTree = "<group>";
		};
/* End PBXGroup section */

/* Begin PBXNativeTarget section */
		4FCB3ADF1FD59D4500FD9FDB /* W6D1 */ = {
			isa = PBXNativeTarget;
			buildConfigurationList = 4FCB3AF21FD59D4500FD9FDB /* Build configuration list for PBXNativeTarget "W6D1" */;
			buildPhases = (
				4FCB3ADC1FD59D4500FD9FDB /* Sources */,
				4FCB3ADD1FD59D4500FD9FDB /* Frameworks */,
				4FCB3ADE1FD59D4500FD9FDB /* Resources */,
			);
			buildRules = (
			);
			dependencies = (
			);
			name = W6D1;
			productName = W6D1;
			productReference = 4FCB3AE01FD59D4500FD9FDB /* W6D1.app */;
			productType = "com.apple.product-type.application";
		};
/* End PBXNativeTarget section */

/* Begin PBXProject section */
		4FCB3AD81FD59D4500FD9FDB /* Project object */ = {
			isa = PBXProject;
			attributes = {
				LastSwiftUpdateCheck = 0910;
				LastUpgradeCheck = 0910;
				ORGANIZATIONNAME = "Jason Liang";
				TargetAttributes = {
					4FCB3ADF1FD59D4500FD9FDB = {
						CreatedOnToolsVersion = 9.1;
						ProvisioningStyle = Automatic;
					};
				};
			};
			buildConfigurationList = 4FCB3ADB1FD59D4500FD9FDB /* Build configuration list for PBXProject "W6D1" */;
			compatibilityVersion = "Xcode 8.0";
			developmentRegion = en;
			hasScannedForEncodings = 0;
			knownRegions = (
				en,
				Base,
			);
			mainGroup = 4FCB3AD71FD59D4400FD9FDB;
			productRefGroup = 4FCB3AE11FD59D4500FD9FDB /* Products */;
			projectDirPath = "";
			projectRoot = "";
			targets = (
				4FCB3ADF1FD59D4500FD9FDB /* W6D1 */,
			);
		};
/* End PBXProject section */

/* Begin PBXResourcesBuildPhase section */
		4FCB3ADE1FD59D4500FD9FDB /* Resources */ = {
			isa = PBXResourcesBuildPhase;
			buildActionMask = 2147483647;
			files = (
				4FCB3AEE1FD59D4500FD9FDB /* LaunchScreen.storyboard in Resources */,
				4FCB3AEB1FD59D4500FD9FDB /* Assets.xcassets in Resources */,
				4FCB3AF61FD5ACC700FD9FDB /* sound.caf in Resources */,
				4FCB3AE91FD59D4500FD9FDB /* Main.storyboard in Resources */,
			);
			runOnlyForDeploymentPostprocessing = 0;
		};
/* End PBXResourcesBuildPhase section */

/* Begin PBXSourcesBuildPhase section */
		4FCB3ADC1FD59D4500FD9FDB /* Sources */ = {
			isa = PBXSourcesBuildPhase;
			buildActionMask = 2147483647;
			files = (
				4FCB3AE61FD59D4500FD9FDB /* ViewController.swift in Sources */,
				4FCB3AE41FD59D4500FD9FDB /* AppDelegate.swift in Sources */,
			);
			runOnlyForDeploymentPostprocessing = 0;
		};
/* End PBXSourcesBuildPhase section */

/* Begin PBXVariantGroup section */
		4FCB3AE71FD59D4500FD9FDB /* Main.storyboard */ = {
			isa = PBXVariantGroup;
			children = (
				4FCB3AE81FD59D4500FD9FDB /* Base */,
			);
			name = Main.storyboard;
			sourceTree = "<group>";
		};
		4FCB3AEC1FD59D4500FD9FDB /* LaunchScreen.storyboard */ = {
			isa = PBXVariantGroup;
			children = (
				4FCB3AED1FD59D4500FD9FDB /* Base */,
			);
			name = LaunchScreen.storyboard;
			sourceTree = "<group>";
		};
/* End PBXVariantGroup section */

/* Begin XCBuildConfiguration section */
		4FCB3AF01FD59D4500FD9FDB /* Debug */ = {
			isa = XCBuildConfiguration;
			buildSettings = {
				ALWAYS_SEARCH_USER_PATHS = NO;
				CLANG_ANALYZER_NONNULL = YES;
				CLANG_ANALYZER_NUMBER_OBJECT_CONVERSION = YES_AGGRESSIVE;
				CLANG_CXX_LANGUAGE_STANDARD = "gnu++14";
				CLANG_CXX_LIBRARY = "libc++";
				CLANG_ENABLE_MODULES = YES;
				CLANG_ENABLE_OBJC_ARC = YES;
				CLANG_WARN_BLOCK_CAPTURE_AUTORELEASING = YES;
				CLANG_WARN_BOOL_CONVERSION = YES;
				CLANG_WARN_COMMA = YES;
				CLANG_WARN_CONSTANT_CONVERSION = YES;
				CLANG_WARN_DIRECT_OBJC_ISA_USAGE = YES_ERROR;
				CLANG_WARN_DOCUMENTATION_COMMENTS = YES;
				CLANG_WARN_EMPTY_BODY = YES;
				CLANG_WARN_ENUM_CONVERSION = YES;
				CLANG_WARN_INFINITE_RECURSION = YES;
				CLANG_WARN_INT_CONVERSION = YES;
				CLANG_WARN_NON_LITERAL_NULL_CONVERSION = YES;
				CLANG_WARN_OBJC_LITERAL_CONVERSION = YES;
				CLANG_WARN_OBJC_ROOT_CLASS = YES_ERROR;
				CLANG_WARN_RANGE_LOOP_ANALYSIS = YES;
				CLANG_WARN_STRICT_PROTOTYPES = YES;
				CLANG_WARN_SUSPICIOUS_MOVE = YES;
				CLANG_WARN_UNGUARDED_AVAILABILITY = YES_AGGRESSIVE;
				CLANG_WARN_UNREACHABLE_CODE = YES;
				CLANG_WARN__DUPLICATE_METHOD_MATCH = YES;
				CODE_SIGN_IDENTITY = "iPhone Developer";
				COPY_PHASE_STRIP = NO;
				DEBUG_INFORMATION_FORMAT = dwarf;
				ENABLE_STRICT_OBJC_MSGSEND = YES;
				ENABLE_TESTABILITY = YES;
				GCC_C_LANGUAGE_STANDARD = gnu11;
				GCC_DYNAMIC_NO_PIC = NO;
				GCC_NO_COMMON_BLOCKS = YES;
				GCC_OPTIMIZATION_LEVEL = 0;
				GCC_PREPROCESSOR_DEFINITIONS = (
					"DEBUG=1",
					"$(inherited)",
				);
				GCC_WARN_64_TO_32_BIT_CONVERSION = YES;
				GCC_WARN_ABOUT_RETURN_TYPE = YES_ERROR;
				GCC_WARN_UNDECLARED_SELECTOR = YES;
				GCC_WARN_UNINITIALIZED_AUTOS = YES_AGGRESSIVE;
				GCC_WARN_UNUSED_FUNCTION = YES;
				GCC_WARN_UNUSED_VARIABLE = YES;
				IPHONEOS_DEPLOYMENT_TARGET = 11.1;
				MTL_ENABLE_DEBUG_INFO = YES;
				ONLY_ACTIVE_ARCH = YES;
				SDKROOT = iphoneos;
				SWIFT_ACTIVE_COMPILATION_CONDITIONS = DEBUG;
				SWIFT_OPTIMIZATION_LEVEL = "-Onone";
			};
			name = Debug;
		};
		4FCB3AF11FD59D4500FD9FDB /* Release */ = {
			isa = XCBuildConfiguration;
			buildSettings = {
				ALWAYS_SEARCH_USER_PATHS = NO;
				CLANG_ANALYZER_NONNULL = YES;
				CLANG_ANALYZER_NUMBER_OBJECT_CONVERSION = YES_AGGRESSIVE;
				CLANG_CXX_LANGUAGE_STANDARD = "gnu++14";
				CLANG_CXX_LIBRARY = "libc++";
				CLANG_ENABLE_MODULES = YES;
				CLANG_ENABLE_OBJC_ARC = YES;
				CLANG_WARN_BLOCK_CAPTURE_AUTORELEASING = YES;
				CLANG_WARN_BOOL_CONVERSION = YES;
				CLANG_WARN_COMMA = YES;
				CLANG_WARN_CONSTANT_CONVERSION = YES;
				CLANG_WARN_DIRECT_OBJC_ISA_USAGE = YES_ERROR;
				CLANG_WARN_DOCUMENTATION_COMMENTS = YES;
				CLANG_WARN_EMPTY_BODY = YES;
				CLANG_WARN_ENUM_CONVERSION = YES;
				CLANG_WARN_INFINITE_RECURSION = YES;
				CLANG_WARN_INT_CONVERSION = YES;
				CLANG_WARN_NON_LITERAL_NULL_CONVERSION = YES;
				CLANG_WARN_OBJC_LITERAL_CONVERSION = YES;
				CLANG_WARN_OBJC_ROOT_CLASS = YES_ERROR;
				CLANG_WARN_RANGE_LOOP_ANALYSIS = YES;
				CLANG_WARN_STRICT_PROTOTYPES = YES;
				CLANG_WARN_SUSPICIOUS_MOVE = YES;
				CLANG_WARN_UNGUARDED_AVAILABILITY = YES_AGGRESSIVE;
				CLANG_WARN_UNREACHABLE_CODE = YES;
				CLANG_WARN__DUPLICATE_METHOD_MATCH = YES;
				CODE_SIGN_IDENTITY = "iPhone Developer";
				COPY_PHASE_STRIP = NO;
				DEBUG_INFORMATION_FORMAT = "dwarf-with-dsym";
				ENABLE_NS_ASSERTIONS = NO;
				ENABLE_STRICT_OBJC_MSGSEND = YES;
				GCC_C_LANGUAGE_STANDARD = gnu11;
				GCC_NO_COMMON_BLOCKS = YES;
				GCC_WARN_64_TO_32_BIT_CONVERSION = YES;
				GCC_WARN_ABOUT_RETURN_TYPE = YES_ERROR;
				GCC_WARN_UNDECLARED_SELECTOR = YES;
				GCC_WARN_UNINITIALIZED_AUTOS = YES_AGGRESSIVE;
				GCC_WARN_UNUSED_FUNCTION = YES;
				GCC_WARN_UNUSED_VARIABLE = YES;
				IPHONEOS_DEPLOYMENT_TARGET = 11.1;
				MTL_ENABLE_DEBUG_INFO = NO;
				SDKROOT = iphoneos;
				SWIFT_OPTIMIZATION_LEVEL = "-Owholemodule";
				VALIDATE_PRODUCT = YES;
			};
			name = Release;
		};
		4FCB3AF31FD59D4500FD9FDB /* Debug */ = {
			isa = XCBuildConfiguration;
			buildSettings = {
				ASSETCATALOG_COMPILER_APPICON_NAME = AppIcon;
				CODE_SIGN_STYLE = Automatic;
				DEVELOPMENT_TEAM = JA5QR95VM9;
				INFOPLIST_FILE = W6D1/Info.plist;
				LD_RUNPATH_SEARCH_PATHS = "$(inherited) @executable_path/Frameworks";
				PRODUCT_BUNDLE_IDENTIFIER = jasonliang.W6D1;
				PRODUCT_NAME = "$(TARGET_NAME)";
				SWIFT_VERSION = 4.0;
				TARGETED_DEVICE_FAMILY = "1,2";
			};
			name = Debug;
		};
		4FCB3AF41FD59D4500FD9FDB /* Release */ = {
			isa = XCBuildConfiguration;
			buildSettings = {
				ASSETCATALOG_COMPILER_APPICON_NAME = AppIcon;
				CODE_SIGN_STYLE = Automatic;
				DEVELOPMENT_TEAM = JA5QR95VM9;
				INFOPLIST_FILE = W6D1/Info.plist;
				LD_RUNPATH_SEARCH_PATHS = "$(inherited) @executable_path/Frameworks";
				PRODUCT_BUNDLE_IDENTIFIER = jasonliang.W6D1;
				PRODUCT_NAME = "$(TARGET_NAME)";
				SWIFT_VERSION = 4.0;
				TARGETED_DEVICE_FAMILY = "1,2";
			};
			name = Release;
		};
/* End XCBuildConfiguration section */

/* Begin XCConfigurationList section */
		4FCB3ADB1FD59D4500FD9FDB /* Build configuration list for PBXProject "W6D1" */ = {
			isa = XCConfigurationList;
			buildConfigurations = (
				4FCB3AF01FD59D4500FD9FDB /* Debug */,
				4FCB3AF11FD59D4500FD9FDB /* Release */,
			);
			defaultConfigurationIsVisible = 0;
			defaultConfigurationName = Release;
		};
		4FCB3AF21FD59D4500FD9FDB /* Build configuration list for PBXNativeTarget "W6D1" */ = {
			isa = XCConfigurationList;
			buildConfigurations = (
				4FCB3AF31FD59D4500FD9FDB /* Debug */,
				4FCB3AF41FD59D4500FD9FDB /* Release */,
			);
			defaultConfigurationIsVisible = 0;
			defaultConfigurationName = Release;
		};
/* End XCConfigurationList section */
	};
	rootObject = 4FCB3AD81FD59D4500FD9FDB /* Project object */;
}
