// !$*UTF8*$!
{
	archiveVersion = 1;
	classes = {
	};
	objectVersion = 46;
	objects = {

/* Begin PBXBuildFile section */
		4F12CB1A1E549BCA009FA198 /* AppDelegate.swift in Sources */ = {isa = PBXBuildFile; fileRef = 4F12CB191E549BCA009FA198 /* AppDelegate.swift */; };
		4F12CB1C1E549BCA009FA198 /* ViewController.swift in Sources */ = {isa = PBXBuildFile; fileRef = 4F12CB1B1E549BCA009FA198 /* ViewController.swift */; };
		4F12CB1F1E549BCA009FA198 /* Main.storyboard in Resources */ = {isa = PBXBuildFile; fileRef = 4F12CB1D1E549BCA009FA198 /* Main.storyboard */; };
		4F12CB211E549BCA009FA198 /* Assets.xcassets in Resources */ = {isa = PBXBuildFile; fileRef = 4F12CB201E549BCA009FA198 /* Assets.xcassets */; };
		4F12CB241E549BCA009FA198 /* LaunchScreen.storyboard in Resources */ = {isa = PBXBuildFile; fileRef = 4F12CB221E549BCA009FA198 /* LaunchScreen.storyboard */; };
/* End PBXBuildFile section */

/* Begin PBXFileReference section */
		4F12CB161E549BCA009FA198 /* W6D3-UIActivityViewController.app */ = {isa = PBXFileReference; explicitFileType = wrapper.application; includeInIndex = 0; path = "W6D3-UIActivityViewController.app"; sourceTree = BUILT_PRODUCTS_DIR; };
		4F12CB191E549BCA009FA198 /* AppDelegate.swift */ = {isa = PBXFileReference; lastKnownFileType = sourcecode.swift; path = AppDelegate.swift; sourceTree = "<group>"; };
		4F12CB1B1E549BCA009FA198 /* ViewController.swift */ = {isa = PBXFileReference; lastKnownFileType = sourcecode.swift; path = ViewController.swift; sourceTree = "<group>"; };
		4F12CB1E1E549BCA009FA198 /* Base */ = {isa = PBXFileReference; lastKnownFileType = file.storyboard; name = Base; path = Base.lproj/Main.storyboard; sourceTree = "<group>"; };
		4F12CB201E549BCA009FA198 /* Assets.xcassets */ = {isa = PBXFileReference; lastKnownFileType = folder.assetcatalog; path = Assets.xcassets; sourceTree = "<group>"; };
		4F12CB231E549BCA009FA198 /* Base */ = {isa = PBXFileReference; lastKnownFileType = file.storyboard; name = Base; path = Base.lproj/LaunchScreen.storyboard; sourceTree = "<group>"; };
		4F12CB251E549BCA009FA198 /* Info.plist */ = {isa = PBXFileReference; lastKnownFileType = text.plist.xml; path = Info.plist; sourceTree = "<group>"; };
/* End PBXFileReference section */

/* Begin PBXFrameworksBuildPhase section */
		4F12CB131E549BCA009FA198 /* Frameworks */ = {
			isa = PBXFrameworksBuildPhase;
			buildActionMask = 2147483647;
			files = (
			);
			runOnlyForDeploymentPostprocessing = 0;
		};
/* End PBXFrameworksBuildPhase section */

/* Begin PBXGroup section */
		4F12CB0D1E549BCA009FA198 = {
			isa = PBXGroup;
			children = (
				4F12CB181E549BCA009FA198 /* W6D3-UIActivityViewController */,
				4F12CB171E549BCA009FA198 /* Products */,
			);
			sourceTree = "<group>";
		};
		4F12CB171E549BCA009FA198 /* Products */ = {
			isa = PBXGroup;
			children = (
				4F12CB161E549BCA009FA198 /* W6D3-UIActivityViewController.app */,
			);
			name = Products;
			sourceTree = "<group>";
		};
		4F12CB181E549BCA009FA198 /* W6D3-UIActivityViewController */ = {
			isa = PBXGroup;
			children = (
				4F12CB191E549BCA009FA198 /* AppDelegate.swift */,
				4F12CB1B1E549BCA009FA198 /* ViewController.swift */,
				4F12CB1D1E549BCA009FA198 /* Main.storyboard */,
				4F12CB201E549BCA009FA198 /* Assets.xcassets */,
				4F12CB221E549BCA009FA198 /* LaunchScreen.storyboard */,
				4F12CB251E549BCA009FA198 /* Info.plist */,
			);
			path = "W6D3-UIActivityViewController";
			sourceTree = "<group>";
		};
/* End PBXGroup section */

/* Begin PBXNativeTarget section */
		4F12CB151E549BCA009FA198 /* W6D3-UIActivityViewController */ = {
			isa = PBXNativeTarget;
			buildConfigurationList = 4F12CB281E549BCA009FA198 /* Build configuration list for PBXNativeTarget "W6D3-UIActivityViewController" */;
			buildPhases = (
				4F12CB121E549BCA009FA198 /* Sources */,
				4F12CB131E549BCA009FA198 /* Frameworks */,
				4F12CB141E549BCA009FA198 /* Resources */,
			);
			buildRules = (
			);
			dependencies = (
			);
			name = "W6D3-UIActivityViewController";
			productName = "W6D3-UIActivityViewController";
			productReference = 4F12CB161E549BCA009FA198 /* W6D3-UIActivityViewController.app */;
			productType = "com.apple.product-type.application";
		};
/* End PBXNativeTarget section */

/* Begin PBXProject section */
		4F12CB0E1E549BCA009FA198 /* Project object */ = {
			isa = PBXProject;
			attributes = {
				LastSwiftUpdateCheck = 0820;
				LastUpgradeCheck = 0820;
				ORGANIZATIONNAME = "Jason Liang";
				TargetAttributes = {
					4F12CB151E549BCA009FA198 = {
						CreatedOnToolsVersion = 8.2.1;
						DevelopmentTeam = U36336MP79;
						ProvisioningStyle = Automatic;
					};
				};
			};
			buildConfigurationList = 4F12CB111E549BCA009FA198 /* Build configuration list for PBXProject "W6D3-UIActivityViewController" */;
			compatibilityVersion = "Xcode 3.2";
			developmentRegion = English;
			hasScannedForEncodings = 0;
			knownRegions = (
				en,
				Base,
			);
			mainGroup = 4F12CB0D1E549BCA009FA198;
			productRefGroup = 4F12CB171E549BCA009FA198 /* Products */;
			projectDirPath = "";
			projectRoot = "";
			targets = (
				4F12CB151E549BCA009FA198 /* W6D3-UIActivityViewController */,
			);
		};
/* End PBXProject section */

/* Begin PBXResourcesBuildPhase section */
		4F12CB141E549BCA009FA198 /* Resources */ = {
			isa = PBXResourcesBuildPhase;
			buildActionMask = 2147483647;
			files = (
				4F12CB241E549BCA009FA198 /* LaunchScreen.storyboard in Resources */,
				4F12CB211E549BCA009FA198 /* Assets.xcassets in Resources */,
				4F12CB1F1E549BCA009FA198 /* Main.storyboard in Resources */,
			);
			runOnlyForDeploymentPostprocessing = 0;
		};
/* End PBXResourcesBuildPhase section */

/* Begin PBXSourcesBuildPhase section */
		4F12CB121E549BCA009FA198 /* Sources */ = {
			isa = PBXSourcesBuildPhase;
			buildActionMask = 2147483647;
			files = (
				4F12CB1C1E549BCA009FA198 /* ViewController.swift in Sources */,
				4F12CB1A1E549BCA009FA198 /* AppDelegate.swift in Sources */,
			);
			runOnlyForDeploymentPostprocessing = 0;
		};
/* End PBXSourcesBuildPhase section */

/* Begin PBXVariantGroup section */
		4F12CB1D1E549BCA009FA198 /* Main.storyboard */ = {
			isa = PBXVariantGroup;
			children = (
				4F12CB1E1E549BCA009FA198 /* Base */,
			);
			name = Main.storyboard;
			sourceTree = "<group>";
		};
		4F12CB221E549BCA009FA198 /* LaunchScreen.storyboard */ = {
			isa = PBXVariantGroup;
			children = (
				4F12CB231E549BCA009FA198 /* Base */,
			);
			name = LaunchScreen.storyboard;
			sourceTree = "<group>";
		};
/* End PBXVariantGroup section */

/* Begin XCBuildConfiguration section */
		4F12CB261E549BCA009FA198 /* Debug */ = {
			isa = XCBuildConfiguration;
			buildSettings = {
				ALWAYS_SEARCH_USER_PATHS = NO;
				CLANG_ANALYZER_NONNULL = YES;
				CLANG_CXX_LANGUAGE_STANDARD = "gnu++0x";
				CLANG_CXX_LIBRARY = "libc++";
				CLANG_ENABLE_MODULES = YES;
				CLANG_ENABLE_OBJC_ARC = YES;
				CLANG_WARN_BOOL_CONVERSION = YES;
				CLANG_WARN_CONSTANT_CONVERSION = YES;
				CLANG_WARN_DIRECT_OBJC_ISA_USAGE = YES_ERROR;
				CLANG_WARN_DOCUMENTATION_COMMENTS = YES;
				CLANG_WARN_EMPTY_BODY = YES;
				CLANG_WARN_ENUM_CONVERSION = YES;
				CLANG_WARN_INFINITE_RECURSION = YES;
				CLANG_WARN_INT_CONVERSION = YES;
				CLANG_WARN_OBJC_ROOT_CLASS = YES_ERROR;
				CLANG_WARN_SUSPICIOUS_MOVE = YES;
				CLANG_WARN_UNREACHABLE_CODE = YES;
				CLANG_WARN__DUPLICATE_METHOD_MATCH = YES;
				"CODE_SIGN_IDENTITY[sdk=iphoneos*]" = "iPhone Developer";
				COPY_PHASE_STRIP = NO;
				DEBUG_INFORMATION_FORMAT = dwarf;
				ENABLE_STRICT_OBJC_MSGSEND = YES;
				ENABLE_TESTABILITY = YES;
				GCC_C_LANGUAGE_STANDARD = gnu99;
				GCC_DYNAMIC_NO_PIC = NO;
				GCC_NO_COMMON_BLOCKS = YES;
				GCC_OPTIMIZATION_LEVEL = 0;
				GCC_PREPROCESSOR_DEFINITIONS = (
					"DEBUG=1",
					"$(inherited)",
				);
				GCC_WARN_64_TO_32_BIT_CONVERSION = YES;
				GCC_WARN_ABOUT_RETURN_TYPE = YES_ERROR;
				GCC_WARN_UNDECLARED_SELECTOR = YES;
				GCC_WARN_UNINITIALIZED_AUTOS = YES_AGGRESSIVE;
				GCC_WARN_UNUSED_FUNCTION = YES;
				GCC_WARN_UNUSED_VARIABLE = YES;
				IPHONEOS_DEPLOYMENT_TARGET = 10.2;
				MTL_ENABLE_DEBUG_INFO = YES;
				ONLY_ACTIVE_ARCH = YES;
				SDKROOT = iphoneos;
				SWIFT_ACTIVE_COMPILATION_CONDITIONS = DEBUG;
				SWIFT_OPTIMIZATION_LEVEL = "-Onone";
			};
			name = Debug;
		};
		4F12CB271E549BCA009FA198 /* Release */ = {
			isa = XCBuildConfiguration;
			buildSettings = {
				ALWAYS_SEARCH_USER_PATHS = NO;
				CLANG_ANALYZER_NONNULL = YES;
				CLANG_CXX_LANGUAGE_STANDARD = "gnu++0x";
				CLANG_CXX_LIBRARY = "libc++";
				CLANG_ENABLE_MODULES = YES;
				CLANG_ENABLE_OBJC_ARC = YES;
				CLANG_WARN_BOOL_CONVERSION = YES;
				CLANG_WARN_CONSTANT_CONVERSION = YES;
				CLANG_WARN_DIRECT_OBJC_ISA_USAGE = YES_ERROR;
				CLANG_WARN_DOCUMENTATION_COMMENTS = YES;
				CLANG_WARN_EMPTY_BODY = YES;
				CLANG_WARN_ENUM_CONVERSION = YES;
				CLANG_WARN_INFINITE_RECURSION = YES;
				CLANG_WARN_INT_CONVERSION = YES;
				CLANG_WARN_OBJC_ROOT_CLASS = YES_ERROR;
				CLANG_WARN_SUSPICIOUS_MOVE = YES;
				CLANG_WARN_UNREACHABLE_CODE = YES;
				CLANG_WARN__DUPLICATE_METHOD_MATCH = YES;
				"CODE_SIGN_IDENTITY[sdk=iphoneos*]" = "iPhone Developer";
				COPY_PHASE_STRIP = NO;
				DEBUG_INFORMATION_FORMAT = "dwarf-with-dsym";
				ENABLE_NS_ASSERTIONS = NO;
				ENABLE_STRICT_OBJC_MSGSEND = YES;
				GCC_C_LANGUAGE_STANDARD = gnu99;
				GCC_NO_COMMON_BLOCKS = YES;
				GCC_WARN_64_TO_32_BIT_CONVERSION = YES;
				GCC_WARN_ABOUT_RETURN_TYPE = YES_ERROR;
				GCC_WARN_UNDECLARED_SELECTOR = YES;
				GCC_WARN_UNINITIALIZED_AUTOS = YES_AGGRESSIVE;
				GCC_WARN_UNUSED_FUNCTION = YES;
				GCC_WARN_UNUSED_VARIABLE = YES;
				IPHONEOS_DEPLOYMENT_TARGET = 10.2;
				MTL_ENABLE_DEBUG_INFO = NO;
				SDKROOT = iphoneos;
				SWIFT_OPTIMIZATION_LEVEL = "-Owholemodule";
				VALIDATE_PRODUCT = YES;
			};
			name = Release;
		};
		4F12CB291E549BCA009FA198 /* Debug */ = {
			isa = XCBuildConfiguration;
			buildSettings = {
				ASSETCATALOG_COMPILER_APPICON_NAME = AppIcon;
				DEVELOPMENT_TEAM = U36336MP79;
				INFOPLIST_FILE = "W6D3-UIActivityViewController/Info.plist";
				LD_RUNPATH_SEARCH_PATHS = "$(inherited) @executable_path/Frameworks";
				PRODUCT_BUNDLE_IDENTIFIER = "jasonliang.W6D3-UIActivityViewController";
				PRODUCT_NAME = "$(TARGET_NAME)";
				SWIFT_VERSION = 3.0;
				TARGETED_DEVICE_FAMILY = "1,2";
			};
			name = Debug;
		};
		4F12CB2A1E549BCA009FA198 /* Release */ = {
			isa = XCBuildConfiguration;
			buildSettings = {
				ASSETCATALOG_COMPILER_APPICON_NAME = AppIcon;
				DEVELOPMENT_TEAM = U36336MP79;
				INFOPLIST_FILE = "W6D3-UIActivityViewController/Info.plist";
				LD_RUNPATH_SEARCH_PATHS = "$(inherited) @executable_path/Frameworks";
				PRODUCT_BUNDLE_IDENTIFIER = "jasonliang.W6D3-UIActivityViewController";
				PRODUCT_NAME = "$(TARGET_NAME)";
				SWIFT_VERSION = 3.0;
				TARGETED_DEVICE_FAMILY = "1,2";
			};
			name = Release;
		};
/* End XCBuildConfiguration section */

/* Begin XCConfigurationList section */
		4F12CB111E549BCA009FA198 /* Build configuration list for PBXProject "W6D3-UIActivityViewController" */ = {
			isa = XCConfigurationList;
			buildConfigurations = (
				4F12CB261E549BCA009FA198 /* Debug */,
				4F12CB271E549BCA009FA198 /* Release */,
			);
			defaultConfigurationIsVisible = 0;
			defaultConfigurationName = Release;
		};
		4F12CB281E549BCA009FA198 /* Build configuration list for PBXNativeTarget "W6D3-UIActivityViewController" */ = {
			isa = XCConfigurationList;
			buildConfigurations = (
				4F12CB291E549BCA009FA198 /* Debug */,
				4F12CB2A1E549BCA009FA198 /* Release */,
			);
			defaultConfigurationIsVisible = 0;
		};
/* End XCConfigurationList section */
	};
	rootObject = 4F12CB0E1E549BCA009FA198 /* Project object */;
}
