// !$*UTF8*$!
{
	archiveVersion = 1;
	classes = {
	};
	objectVersion = 50;
	objects = {

/* Begin PBXBuildFile section */
		4F04F66D20D14FD0004013FB /* AppDelegate.m in Sources */ = {isa = PBXBuildFile; fileRef = 4F04F66C20D14FD0004013FB /* AppDelegate.m */; };
		4F04F67020D14FD0004013FB /* FirstViewController.m in Sources */ = {isa = PBXBuildFile; fileRef = 4F04F66F20D14FD0004013FB /* FirstViewController.m */; };
		4F04F67320D14FD0004013FB /* SecondViewController.m in Sources */ = {isa = PBXBuildFile; fileRef = 4F04F67220D14FD0004013FB /* SecondViewController.m */; };
		4F04F67620D14FD0004013FB /* Main.storyboard in Resources */ = {isa = PBXBuildFile; fileRef = 4F04F67420D14FD0004013FB /* Main.storyboard */; };
		4F04F67820D14FD2004013FB /* Assets.xcassets in Resources */ = {isa = PBXBuildFile; fileRef = 4F04F67720D14FD2004013FB /* Assets.xcassets */; };
		4F04F67B20D14FD2004013FB /* LaunchScreen.storyboard in Resources */ = {isa = PBXBuildFile; fileRef = 4F04F67920D14FD2004013FB /* LaunchScreen.storyboard */; };
		4F04F67E20D14FD2004013FB /* main.m in Sources */ = {isa = PBXBuildFile; fileRef = 4F04F67D20D14FD2004013FB /* main.m */; };
		4F04F68720D15B54004013FB /* CustomView.xib in Resources */ = {isa = PBXBuildFile; fileRef = 4F04F68620D15B54004013FB /* CustomView.xib */; };
/* End PBXBuildFile section */

/* Begin PBXFileReference section */
		4F04F66820D14FD0004013FB /* W2D3.app */ = {isa = PBXFileReference; explicitFileType = wrapper.application; includeInIndex = 0; path = W2D3.app; sourceTree = BUILT_PRODUCTS_DIR; };
		4F04F66B20D14FD0004013FB /* AppDelegate.h */ = {isa = PBXFileReference; lastKnownFileType = sourcecode.c.h; path = AppDelegate.h; sourceTree = "<group>"; };
		4F04F66C20D14FD0004013FB /* AppDelegate.m */ = {isa = PBXFileReference; lastKnownFileType = sourcecode.c.objc; path = AppDelegate.m; sourceTree = "<group>"; };
		4F04F66E20D14FD0004013FB /* FirstViewController.h */ = {isa = PBXFileReference; lastKnownFileType = sourcecode.c.h; path = FirstViewController.h; sourceTree = "<group>"; };
		4F04F66F20D14FD0004013FB /* FirstViewController.m */ = {isa = PBXFileReference; lastKnownFileType = sourcecode.c.objc; path = FirstViewController.m; sourceTree = "<group>"; };
		4F04F67120D14FD0004013FB /* SecondViewController.h */ = {isa = PBXFileReference; lastKnownFileType = sourcecode.c.h; path = SecondViewController.h; sourceTree = "<group>"; };
		4F04F67220D14FD0004013FB /* SecondViewController.m */ = {isa = PBXFileReference; lastKnownFileType = sourcecode.c.objc; path = SecondViewController.m; sourceTree = "<group>"; };
		4F04F67520D14FD0004013FB /* Base */ = {isa = PBXFileReference; lastKnownFileType = file.storyboard; name = Base; path = Base.lproj/Main.storyboard; sourceTree = "<group>"; };
		4F04F67720D14FD2004013FB /* Assets.xcassets */ = {isa = PBXFileReference; lastKnownFileType = folder.assetcatalog; path = Assets.xcassets; sourceTree = "<group>"; };
		4F04F67A20D14FD2004013FB /* Base */ = {isa = PBXFileReference; lastKnownFileType = file.storyboard; name = Base; path = Base.lproj/LaunchScreen.storyboard; sourceTree = "<group>"; };
		4F04F67C20D14FD2004013FB /* Info.plist */ = {isa = PBXFileReference; lastKnownFileType = text.plist.xml; path = Info.plist; sourceTree = "<group>"; };
		4F04F67D20D14FD2004013FB /* main.m */ = {isa = PBXFileReference; lastKnownFileType = sourcecode.c.objc; path = main.m; sourceTree = "<group>"; };
		4F04F68620D15B54004013FB /* CustomView.xib */ = {isa = PBXFileReference; lastKnownFileType = file.xib; path = CustomView.xib; sourceTree = "<group>"; };
/* End PBXFileReference section */

/* Begin PBXFrameworksBuildPhase section */
		4F04F66520D14FD0004013FB /* Frameworks */ = {
			isa = PBXFrameworksBuildPhase;
			buildActionMask = 2147483647;
			files = (
			);
			runOnlyForDeploymentPostprocessing = 0;
		};
/* End PBXFrameworksBuildPhase section */

/* Begin PBXGroup section */
		4F04F65F20D14FD0004013FB = {
			isa = PBXGroup;
			children = (
				4F04F66A20D14FD0004013FB /* W2D3 */,
				4F04F66920D14FD0004013FB /* Products */,
			);
			sourceTree = "<group>";
		};
		4F04F66920D14FD0004013FB /* Products */ = {
			isa = PBXGroup;
			children = (
				4F04F66820D14FD0004013FB /* W2D3.app */,
			);
			name = Products;
			sourceTree = "<group>";
		};
		4F04F66A20D14FD0004013FB /* W2D3 */ = {
			isa = PBXGroup;
			children = (
				4F04F66B20D14FD0004013FB /* AppDelegate.h */,
				4F04F66C20D14FD0004013FB /* AppDelegate.m */,
				4F04F66E20D14FD0004013FB /* FirstViewController.h */,
				4F04F66F20D14FD0004013FB /* FirstViewController.m */,
				4F04F67120D14FD0004013FB /* SecondViewController.h */,
				4F04F67220D14FD0004013FB /* SecondViewController.m */,
				4F04F67420D14FD0004013FB /* Main.storyboard */,
				4F04F68620D15B54004013FB /* CustomView.xib */,
				4F04F67720D14FD2004013FB /* Assets.xcassets */,
				4F04F67920D14FD2004013FB /* LaunchScreen.storyboard */,
				4F04F67C20D14FD2004013FB /* Info.plist */,
				4F04F67D20D14FD2004013FB /* main.m */,
			);
			path = W2D3;
			sourceTree = "<group>";
		};
/* End PBXGroup section */

/* Begin PBXNativeTarget section */
		4F04F66720D14FD0004013FB /* W2D3 */ = {
			isa = PBXNativeTarget;
			buildConfigurationList = 4F04F68120D14FD2004013FB /* Build configuration list for PBXNativeTarget "W2D3" */;
			buildPhases = (
				4F04F66420D14FD0004013FB /* Sources */,
				4F04F66520D14FD0004013FB /* Frameworks */,
				4F04F66620D14FD0004013FB /* Resources */,
			);
			buildRules = (
			);
			dependencies = (
			);
			name = W2D3;
			productName = W2D3;
			productReference = 4F04F66820D14FD0004013FB /* W2D3.app */;
			productType = "com.apple.product-type.application";
		};
/* End PBXNativeTarget section */

/* Begin PBXProject section */
		4F04F66020D14FD0004013FB /* Project object */ = {
			isa = PBXProject;
			attributes = {
				LastUpgradeCheck = 0940;
				ORGANIZATIONNAME = jasonliang;
				TargetAttributes = {
					4F04F66720D14FD0004013FB = {
						CreatedOnToolsVersion = 9.4;
					};
				};
			};
			buildConfigurationList = 4F04F66320D14FD0004013FB /* Build configuration list for PBXProject "W2D3" */;
			compatibilityVersion = "Xcode 9.3";
			developmentRegion = en;
			hasScannedForEncodings = 0;
			knownRegions = (
				en,
				Base,
			);
			mainGroup = 4F04F65F20D14FD0004013FB;
			productRefGroup = 4F04F66920D14FD0004013FB /* Products */;
			projectDirPath = "";
			projectRoot = "";
			targets = (
				4F04F66720D14FD0004013FB /* W2D3 */,
			);
		};
/* End PBXProject section */

/* Begin PBXResourcesBuildPhase section */
		4F04F66620D14FD0004013FB /* Resources */ = {
			isa = PBXResourcesBuildPhase;
			buildActionMask = 2147483647;
			files = (
				4F04F67B20D14FD2004013FB /* LaunchScreen.storyboard in Resources */,
				4F04F68720D15B54004013FB /* CustomView.xib in Resources */,
				4F04F67820D14FD2004013FB /* Assets.xcassets in Resources */,
				4F04F67620D14FD0004013FB /* Main.storyboard in Resources */,
			);
			runOnlyForDeploymentPostprocessing = 0;
		};
/* End PBXResourcesBuildPhase section */

/* Begin PBXSourcesBuildPhase section */
		4F04F66420D14FD0004013FB /* Sources */ = {
			isa = PBXSourcesBuildPhase;
			buildActionMask = 2147483647;
			files = (
				4F04F67320D14FD0004013FB /* SecondViewController.m in Sources */,
				4F04F66D20D14FD0004013FB /* AppDelegate.m in Sources */,
				4F04F67E20D14FD2004013FB /* main.m in Sources */,
				4F04F67020D14FD0004013FB /* FirstViewController.m in Sources */,
			);
			runOnlyForDeploymentPostprocessing = 0;
		};
/* End PBXSourcesBuildPhase section */

/* Begin PBXVariantGroup section */
		4F04F67420D14FD0004013FB /* Main.storyboard */ = {
			isa = PBXVariantGroup;
			children = (
				4F04F67520D14FD0004013FB /* Base */,
			);
			name = Main.storyboard;
			sourceTree = "<group>";
		};
		4F04F67920D14FD2004013FB /* LaunchScreen.storyboard */ = {
			isa = PBXVariantGroup;
			children = (
				4F04F67A20D14FD2004013FB /* Base */,
			);
			name = LaunchScreen.storyboard;
			sourceTree = "<group>";
		};
/* End PBXVariantGroup section */

/* Begin XCBuildConfiguration section */
		4F04F67F20D14FD2004013FB /* Debug */ = {
			isa = XCBuildConfiguration;
			buildSettings = {
				ALWAYS_SEARCH_USER_PATHS = NO;
				CLANG_ANALYZER_NONNULL = YES;
				CLANG_ANALYZER_NUMBER_OBJECT_CONVERSION = YES_AGGRESSIVE;
				CLANG_CXX_LANGUAGE_STANDARD = "gnu++14";
				CLANG_CXX_LIBRARY = "libc++";
				CLANG_ENABLE_MODULES = YES;
				CLANG_ENABLE_OBJC_ARC = YES;
				CLANG_ENABLE_OBJC_WEAK = YES;
				CLANG_WARN_BLOCK_CAPTURE_AUTORELEASING = YES;
				CLANG_WARN_BOOL_CONVERSION = YES;
				CLANG_WARN_COMMA = YES;
				CLANG_WARN_CONSTANT_CONVERSION = YES;
				CLANG_WARN_DEPRECATED_OBJC_IMPLEMENTATIONS = YES;
				CLANG_WARN_DIRECT_OBJC_ISA_USAGE = YES_ERROR;
				CLANG_WARN_DOCUMENTATION_COMMENTS = YES;
				CLANG_WARN_EMPTY_BODY = YES;
				CLANG_WARN_ENUM_CONVERSION = YES;
				CLANG_WARN_INFINITE_RECURSION = YES;
				CLANG_WARN_INT_CONVERSION = YES;
				CLANG_WARN_NON_LITERAL_NULL_CONVERSION = YES;
				CLANG_WARN_OBJC_IMPLICIT_RETAIN_SELF = YES;
				CLANG_WARN_OBJC_LITERAL_CONVERSION = YES;
				CLANG_WARN_OBJC_ROOT_CLASS = YES_ERROR;
				CLANG_WARN_RANGE_LOOP_ANALYSIS = YES;
				CLANG_WARN_STRICT_PROTOTYPES = YES;
				CLANG_WARN_SUSPICIOUS_MOVE = YES;
				CLANG_WARN_UNGUARDED_AVAILABILITY = YES_AGGRESSIVE;
				CLANG_WARN_UNREACHABLE_CODE = YES;
				CLANG_WARN__DUPLICATE_METHOD_MATCH = YES;
				CODE_SIGN_IDENTITY = "iPhone Developer";
				COPY_PHASE_STRIP = NO;
				DEBUG_INFORMATION_FORMAT = dwarf;
				ENABLE_STRICT_OBJC_MSGSEND = YES;
				ENABLE_TESTABILITY = YES;
				GCC_C_LANGUAGE_STANDARD = gnu11;
				GCC_DYNAMIC_NO_PIC = NO;
				GCC_NO_COMMON_BLOCKS = YES;
				GCC_OPTIMIZATION_LEVEL = 0;
				GCC_PREPROCESSOR_DEFINITIONS = (
					"DEBUG=1",
					"$(inherited)",
				);
				GCC_WARN_64_TO_32_BIT_CONVERSION = YES;
				GCC_WARN_ABOUT_RETURN_TYPE = YES_ERROR;
				GCC_WARN_UNDECLARED_SELECTOR = YES;
				GCC_WARN_UNINITIALIZED_AUTOS = YES_AGGRESSIVE;
				GCC_WARN_UNUSED_FUNCTION = YES;
				GCC_WARN_UNUSED_VARIABLE = YES;
				IPHONEOS_DEPLOYMENT_TARGET = 11.4;
				MTL_ENABLE_DEBUG_INFO = YES;
				ONLY_ACTIVE_ARCH = YES;
				SDKROOT = iphoneos;
			};
			name = Debug;
		};
		4F04F68020D14FD2004013FB /* Release */ = {
			isa = XCBuildConfiguration;
			buildSettings = {
				ALWAYS_SEARCH_USER_PATHS = NO;
				CLANG_ANALYZER_NONNULL = YES;
				CLANG_ANALYZER_NUMBER_OBJECT_CONVERSION = YES_AGGRESSIVE;
				CLANG_CXX_LANGUAGE_STANDARD = "gnu++14";
				CLANG_CXX_LIBRARY = "libc++";
				CLANG_ENABLE_MODULES = YES;
				CLANG_ENABLE_OBJC_ARC = YES;
				CLANG_ENABLE_OBJC_WEAK = YES;
				CLANG_WARN_BLOCK_CAPTURE_AUTORELEASING = YES;
				CLANG_WARN_BOOL_CONVERSION = YES;
				CLANG_WARN_COMMA = YES;
				CLANG_WARN_CONSTANT_CONVERSION = YES;
				CLANG_WARN_DEPRECATED_OBJC_IMPLEMENTATIONS = YES;
				CLANG_WARN_DIRECT_OBJC_ISA_USAGE = YES_ERROR;
				CLANG_WARN_DOCUMENTATION_COMMENTS = YES;
				CLANG_WARN_EMPTY_BODY = YES;
				CLANG_WARN_ENUM_CONVERSION = YES;
				CLANG_WARN_INFINITE_RECURSION = YES;
				CLANG_WARN_INT_CONVERSION = YES;
				CLANG_WARN_NON_LITERAL_NULL_CONVERSION = YES;
				CLANG_WARN_OBJC_IMPLICIT_RETAIN_SELF = YES;
				CLANG_WARN_OBJC_LITERAL_CONVERSION = YES;
				CLANG_WARN_OBJC_ROOT_CLASS = YES_ERROR;
				CLANG_WARN_RANGE_LOOP_ANALYSIS = YES;
				CLANG_WARN_STRICT_PROTOTYPES = YES;
				CLANG_WARN_SUSPICIOUS_MOVE = YES;
				CLANG_WARN_UNGUARDED_AVAILABILITY = YES_AGGRESSIVE;
				CLANG_WARN_UNREACHABLE_CODE = YES;
				CLANG_WARN__DUPLICATE_METHOD_MATCH = YES;
				CODE_SIGN_IDENTITY = "iPhone Developer";
				COPY_PHASE_STRIP = NO;
				DEBUG_INFORMATION_FORMAT = "dwarf-with-dsym";
				ENABLE_NS_ASSERTIONS = NO;
				ENABLE_STRICT_OBJC_MSGSEND = YES;
				GCC_C_LANGUAGE_STANDARD = gnu11;
				GCC_NO_COMMON_BLOCKS = YES;
				GCC_WARN_64_TO_32_BIT_CONVERSION = YES;
				GCC_WARN_ABOUT_RETURN_TYPE = YES_ERROR;
				GCC_WARN_UNDECLARED_SELECTOR = YES;
				GCC_WARN_UNINITIALIZED_AUTOS = YES_AGGRESSIVE;
				GCC_WARN_UNUSED_FUNCTION = YES;
				GCC_WARN_UNUSED_VARIABLE = YES;
				IPHONEOS_DEPLOYMENT_TARGET = 11.4;
				MTL_ENABLE_DEBUG_INFO = NO;
				SDKROOT = iphoneos;
				VALIDATE_PRODUCT = YES;
			};
			name = Release;
		};
		4F04F68220D14FD2004013FB /* Debug */ = {
			isa = XCBuildConfiguration;
			buildSettings = {
				ASSETCATALOG_COMPILER_APPICON_NAME = AppIcon;
				CODE_SIGN_STYLE = Automatic;
				DEVELOPMENT_TEAM = JA5QR95VM9;
				INFOPLIST_FILE = W2D3/Info.plist;
				LD_RUNPATH_SEARCH_PATHS = (
					"$(inherited)",
					"@executable_path/Frameworks",
				);
				PRODUCT_BUNDLE_IDENTIFIER = com.jasonliang.W2D3;
				PRODUCT_NAME = "$(TARGET_NAME)";
				TARGETED_DEVICE_FAMILY = "1,2";
			};
			name = Debug;
		};
		4F04F68320D14FD2004013FB /* Release */ = {
			isa = XCBuildConfiguration;
			buildSettings = {
				ASSETCATALOG_COMPILER_APPICON_NAME = AppIcon;
				CODE_SIGN_STYLE = Automatic;
				DEVELOPMENT_TEAM = JA5QR95VM9;
				INFOPLIST_FILE = W2D3/Info.plist;
				LD_RUNPATH_SEARCH_PATHS = (
					"$(inherited)",
					"@executable_path/Frameworks",
				);
				PRODUCT_BUNDLE_IDENTIFIER = com.jasonliang.W2D3;
				PRODUCT_NAME = "$(TARGET_NAME)";
				TARGETED_DEVICE_FAMILY = "1,2";
			};
			name = Release;
		};
/* End XCBuildConfiguration section */

/* Begin XCConfigurationList section */
		4F04F66320D14FD0004013FB /* Build configuration list for PBXProject "W2D3" */ = {
			isa = XCConfigurationList;
			buildConfigurations = (
				4F04F67F20D14FD2004013FB /* Debug */,
				4F04F68020D14FD2004013FB /* Release */,
			);
			defaultConfigurationIsVisible = 0;
			defaultConfigurationName = Release;
		};
		4F04F68120D14FD2004013FB /* Build configuration list for PBXNativeTarget "W2D3" */ = {
			isa = XCConfigurationList;
			buildConfigurations = (
				4F04F68220D14FD2004013FB /* Debug */,
				4F04F68320D14FD2004013FB /* Release */,
			);
			defaultConfigurationIsVisible = 0;
			defaultConfigurationName = Release;
		};
/* End XCConfigurationList section */
	};
	rootObject = 4F04F66020D14FD0004013FB /* Project object */;
}
