// !$*UTF8*$!
{
	archiveVersion = 1;
	classes = {
	};
	objectVersion = 50;
	objects = {

/* Begin PBXBuildFile section */
		4F7874D120E51EEB003CC8B5 /* AppDelegate.swift in Sources */ = {isa = PBXBuildFile; fileRef = 4F7874D020E51EEB003CC8B5 /* AppDelegate.swift */; };
		4F7874D320E51EEB003CC8B5 /* FirstViewController.swift in Sources */ = {isa = PBXBuildFile; fileRef = 4F7874D220E51EEB003CC8B5 /* FirstViewController.swift */; };
		4F7874D520E51EEB003CC8B5 /* SecondViewController.swift in Sources */ = {isa = PBXBuildFile; fileRef = 4F7874D420E51EEB003CC8B5 /* SecondViewController.swift */; };
		4F7874D820E51EEB003CC8B5 /* Main.storyboard in Resources */ = {isa = PBXBuildFile; fileRef = 4F7874D620E51EEB003CC8B5 /* Main.storyboard */; };
		4F7874DA20E51EEC003CC8B5 /* Assets.xcassets in Resources */ = {isa = PBXBuildFile; fileRef = 4F7874D920E51EEC003CC8B5 /* Assets.xcassets */; };
		4F7874DD20E51EEC003CC8B5 /* LaunchScreen.storyboard in Resources */ = {isa = PBXBuildFile; fileRef = 4F7874DB20E51EEC003CC8B5 /* LaunchScreen.storyboard */; };
		A16B2A6E3C4C549292C93315 /* Pods_W4D4.framework in Frameworks */ = {isa = PBXBuildFile; fileRef = 089C7FDD13692183658DCD6B /* Pods_W4D4.framework */; };
/* End PBXBuildFile section */

/* Begin PBXFileReference section */
		089C7FDD13692183658DCD6B /* Pods_W4D4.framework */ = {isa = PBXFileReference; explicitFileType = wrapper.framework; includeInIndex = 0; path = Pods_W4D4.framework; sourceTree = BUILT_PRODUCTS_DIR; };
		4F7874CD20E51EEB003CC8B5 /* W4D4.app */ = {isa = PBXFileReference; explicitFileType = wrapper.application; includeInIndex = 0; path = W4D4.app; sourceTree = BUILT_PRODUCTS_DIR; };
		4F7874D020E51EEB003CC8B5 /* AppDelegate.swift */ = {isa = PBXFileReference; lastKnownFileType = sourcecode.swift; path = AppDelegate.swift; sourceTree = "<group>"; };
		4F7874D220E51EEB003CC8B5 /* FirstViewController.swift */ = {isa = PBXFileReference; lastKnownFileType = sourcecode.swift; path = FirstViewController.swift; sourceTree = "<group>"; };
		4F7874D420E51EEB003CC8B5 /* SecondViewController.swift */ = {isa = PBXFileReference; lastKnownFileType = sourcecode.swift; path = SecondViewController.swift; sourceTree = "<group>"; };
		4F7874D720E51EEB003CC8B5 /* Base */ = {isa = PBXFileReference; lastKnownFileType = file.storyboard; name = Base; path = Base.lproj/Main.storyboard; sourceTree = "<group>"; };
		4F7874D920E51EEC003CC8B5 /* Assets.xcassets */ = {isa = PBXFileReference; lastKnownFileType = folder.assetcatalog; path = Assets.xcassets; sourceTree = "<group>"; };
		4F7874DC20E51EEC003CC8B5 /* Base */ = {isa = PBXFileReference; lastKnownFileType = file.storyboard; name = Base; path = Base.lproj/LaunchScreen.storyboard; sourceTree = "<group>"; };
		4F7874DE20E51EEC003CC8B5 /* Info.plist */ = {isa = PBXFileReference; lastKnownFileType = text.plist.xml; path = Info.plist; sourceTree = "<group>"; };
		7441CC36736221531B3EC7B3 /* Pods-W4D4.release.xcconfig */ = {isa = PBXFileReference; includeInIndex = 1; lastKnownFileType = text.xcconfig; name = "Pods-W4D4.release.xcconfig"; path = "Pods/Target Support Files/Pods-W4D4/Pods-W4D4.release.xcconfig"; sourceTree = "<group>"; };
		E0B2A33B8BDB726F5DE1DE79 /* Pods-W4D4.debug.xcconfig */ = {isa = PBXFileReference; includeInIndex = 1; lastKnownFileType = text.xcconfig; name = "Pods-W4D4.debug.xcconfig"; path = "Pods/Target Support Files/Pods-W4D4/Pods-W4D4.debug.xcconfig"; sourceTree = "<group>"; };
/* End PBXFileReference section */

/* Begin PBXFrameworksBuildPhase section */
		4F7874CA20E51EEB003CC8B5 /* Frameworks */ = {
			isa = PBXFrameworksBuildPhase;
			buildActionMask = 2147483647;
			files = (
				A16B2A6E3C4C549292C93315 /* Pods_W4D4.framework in Frameworks */,
			);
			runOnlyForDeploymentPostprocessing = 0;
		};
/* End PBXFrameworksBuildPhase section */

/* Begin PBXGroup section */
		4F7874C420E51EEB003CC8B5 = {
			isa = PBXGroup;
			children = (
				4F7874CF20E51EEB003CC8B5 /* W4D4 */,
				4F7874CE20E51EEB003CC8B5 /* Products */,
				91A8D920910C2B69F0A7A038 /* Pods */,
				FBC7FDB086A2AF47F3D52EFC /* Frameworks */,
			);
			sourceTree = "<group>";
		};
		4F7874CE20E51EEB003CC8B5 /* Products */ = {
			isa = PBXGroup;
			children = (
				4F7874CD20E51EEB003CC8B5 /* W4D4.app */,
			);
			name = Products;
			sourceTree = "<group>";
		};
		4F7874CF20E51EEB003CC8B5 /* W4D4 */ = {
			isa = PBXGroup;
			children = (
				4F7874D020E51EEB003CC8B5 /* AppDelegate.swift */,
				4F7874D220E51EEB003CC8B5 /* FirstViewController.swift */,
				4F7874D420E51EEB003CC8B5 /* SecondViewController.swift */,
				4F7874D620E51EEB003CC8B5 /* Main.storyboard */,
				4F7874D920E51EEC003CC8B5 /* Assets.xcassets */,
				4F7874DB20E51EEC003CC8B5 /* LaunchScreen.storyboard */,
				4F7874DE20E51EEC003CC8B5 /* Info.plist */,
			);
			path = W4D4;
			sourceTree = "<group>";
		};
		91A8D920910C2B69F0A7A038 /* Pods */ = {
			isa = PBXGroup;
			children = (
				E0B2A33B8BDB726F5DE1DE79 /* Pods-W4D4.debug.xcconfig */,
				7441CC36736221531B3EC7B3 /* Pods-W4D4.release.xcconfig */,
			);
			name = Pods;
			sourceTree = "<group>";
		};
		FBC7FDB086A2AF47F3D52EFC /* Frameworks */ = {
			isa = PBXGroup;
			children = (
				089C7FDD13692183658DCD6B /* Pods_W4D4.framework */,
			);
			name = Frameworks;
			sourceTree = "<group>";
		};
/* End PBXGroup section */

/* Begin PBXNativeTarget section */
		4F7874CC20E51EEB003CC8B5 /* W4D4 */ = {
			isa = PBXNativeTarget;
			buildConfigurationList = 4F7874E120E51EEC003CC8B5 /* Build configuration list for PBXNativeTarget "W4D4" */;
			buildPhases = (
				F7AF651B77F3021DAED75329 /* [CP] Check Pods Manifest.lock */,
				4F7874C920E51EEB003CC8B5 /* Sources */,
				4F7874CA20E51EEB003CC8B5 /* Frameworks */,
				4F7874CB20E51EEB003CC8B5 /* Resources */,
			);
			buildRules = (
			);
			dependencies = (
			);
			name = W4D4;
			productName = W4D4;
			productReference = 4F7874CD20E51EEB003CC8B5 /* W4D4.app */;
			productType = "com.apple.product-type.application";
		};
/* End PBXNativeTarget section */

/* Begin PBXProject section */
		4F7874C520E51EEB003CC8B5 /* Project object */ = {
			isa = PBXProject;
			attributes = {
				LastSwiftUpdateCheck = 0940;
				LastUpgradeCheck = 0940;
				ORGANIZATIONNAME = jasonliang;
				TargetAttributes = {
					4F7874CC20E51EEB003CC8B5 = {
						CreatedOnToolsVersion = 9.4;
					};
				};
			};
			buildConfigurationList = 4F7874C820E51EEB003CC8B5 /* Build configuration list for PBXProject "W4D4" */;
			compatibilityVersion = "Xcode 9.3";
			developmentRegion = en;
			hasScannedForEncodings = 0;
			knownRegions = (
				en,
				Base,
			);
			mainGroup = 4F7874C420E51EEB003CC8B5;
			productRefGroup = 4F7874CE20E51EEB003CC8B5 /* Products */;
			projectDirPath = "";
			projectRoot = "";
			targets = (
				4F7874CC20E51EEB003CC8B5 /* W4D4 */,
			);
		};
/* End PBXProject section */

/* Begin PBXResourcesBuildPhase section */
		4F7874CB20E51EEB003CC8B5 /* Resources */ = {
			isa = PBXResourcesBuildPhase;
			buildActionMask = 2147483647;
			files = (
				4F7874DD20E51EEC003CC8B5 /* LaunchScreen.storyboard in Resources */,
				4F7874DA20E51EEC003CC8B5 /* Assets.xcassets in Resources */,
				4F7874D820E51EEB003CC8B5 /* Main.storyboard in Resources */,
			);
			runOnlyForDeploymentPostprocessing = 0;
		};
/* End PBXResourcesBuildPhase section */

/* Begin PBXShellScriptBuildPhase section */
		F7AF651B77F3021DAED75329 /* [CP] Check Pods Manifest.lock */ = {
			isa = PBXShellScriptBuildPhase;
			buildActionMask = 2147483647;
			files = (
			);
			inputPaths = (
				"${PODS_PODFILE_DIR_PATH}/Podfile.lock",
				"${PODS_ROOT}/Manifest.lock",
			);
			name = "[CP] Check Pods Manifest.lock";
			outputPaths = (
				"$(DERIVED_FILE_DIR)/Pods-W4D4-checkManifestLockResult.txt",
			);
			runOnlyForDeploymentPostprocessing = 0;
			shellPath = /bin/sh;
			shellScript = "diff \"${PODS_PODFILE_DIR_PATH}/Podfile.lock\" \"${PODS_ROOT}/Manifest.lock\" > /dev/null\nif [ $? != 0 ] ; then\n    # print error to STDERR\n    echo \"error: The sandbox is not in sync with the Podfile.lock. Run 'pod install' or update your CocoaPods installation.\" >&2\n    exit 1\nfi\n# This output is used by Xcode 'outputs' to avoid re-running this script phase.\necho \"SUCCESS\" > \"${SCRIPT_OUTPUT_FILE_0}\"\n";
			showEnvVarsInLog = 0;
		};
/* End PBXShellScriptBuildPhase section */

/* Begin PBXSourcesBuildPhase section */
		4F7874C920E51EEB003CC8B5 /* Sources */ = {
			isa = PBXSourcesBuildPhase;
			buildActionMask = 2147483647;
			files = (
				4F7874D520E51EEB003CC8B5 /* SecondViewController.swift in Sources */,
				4F7874D120E51EEB003CC8B5 /* AppDelegate.swift in Sources */,
				4F7874D320E51EEB003CC8B5 /* FirstViewController.swift in Sources */,
			);
			runOnlyForDeploymentPostprocessing = 0;
		};
/* End PBXSourcesBuildPhase section */

/* Begin PBXVariantGroup section */
		4F7874D620E51EEB003CC8B5 /* Main.storyboard */ = {
			isa = PBXVariantGroup;
			children = (
				4F7874D720E51EEB003CC8B5 /* Base */,
			);
			name = Main.storyboard;
			sourceTree = "<group>";
		};
		4F7874DB20E51EEC003CC8B5 /* LaunchScreen.storyboard */ = {
			isa = PBXVariantGroup;
			children = (
				4F7874DC20E51EEC003CC8B5 /* Base */,
			);
			name = LaunchScreen.storyboard;
			sourceTree = "<group>";
		};
/* End PBXVariantGroup section */

/* Begin XCBuildConfiguration section */
		4F7874DF20E51EEC003CC8B5 /* Debug */ = {
			isa = XCBuildConfiguration;
			buildSettings = {
				ALWAYS_SEARCH_USER_PATHS = NO;
				CLANG_ANALYZER_NONNULL = YES;
				CLANG_ANALYZER_NUMBER_OBJECT_CONVERSION = YES_AGGRESSIVE;
				CLANG_CXX_LANGUAGE_STANDARD = "gnu++14";
				CLANG_CXX_LIBRARY = "libc++";
				CLANG_ENABLE_MODULES = YES;
				CLANG_ENABLE_OBJC_ARC = YES;
				CLANG_ENABLE_OBJC_WEAK = YES;
				CLANG_WARN_BLOCK_CAPTURE_AUTORELEASING = YES;
				CLANG_WARN_BOOL_CONVERSION = YES;
				CLANG_WARN_COMMA = YES;
				CLANG_WARN_CONSTANT_CONVERSION = YES;
				CLANG_WARN_DEPRECATED_OBJC_IMPLEMENTATIONS = YES;
				CLANG_WARN_DIRECT_OBJC_ISA_USAGE = YES_ERROR;
				CLANG_WARN_DOCUMENTATION_COMMENTS = YES;
				CLANG_WARN_EMPTY_BODY = YES;
				CLANG_WARN_ENUM_CONVERSION = YES;
				CLANG_WARN_INFINITE_RECURSION = YES;
				CLANG_WARN_INT_CONVERSION = YES;
				CLANG_WARN_NON_LITERAL_NULL_CONVERSION = YES;
				CLANG_WARN_OBJC_IMPLICIT_RETAIN_SELF = YES;
				CLANG_WARN_OBJC_LITERAL_CONVERSION = YES;
				CLANG_WARN_OBJC_ROOT_CLASS = YES_ERROR;
				CLANG_WARN_RANGE_LOOP_ANALYSIS = YES;
				CLANG_WARN_STRICT_PROTOTYPES = YES;
				CLANG_WARN_SUSPICIOUS_MOVE = YES;
				CLANG_WARN_UNGUARDED_AVAILABILITY = YES_AGGRESSIVE;
				CLANG_WARN_UNREACHABLE_CODE = YES;
				CLANG_WARN__DUPLICATE_METHOD_MATCH = YES;
				CODE_SIGN_IDENTITY = "iPhone Developer";
				COPY_PHASE_STRIP = NO;
				DEBUG_INFORMATION_FORMAT = dwarf;
				ENABLE_STRICT_OBJC_MSGSEND = YES;
				ENABLE_TESTABILITY = YES;
				GCC_C_LANGUAGE_STANDARD = gnu11;
				GCC_DYNAMIC_NO_PIC = NO;
				GCC_NO_COMMON_BLOCKS = YES;
				GCC_OPTIMIZATION_LEVEL = 0;
				GCC_PREPROCESSOR_DEFINITIONS = (
					"DEBUG=1",
					"$(inherited)",
				);
				GCC_WARN_64_TO_32_BIT_CONVERSION = YES;
				GCC_WARN_ABOUT_RETURN_TYPE = YES_ERROR;
				GCC_WARN_UNDECLARED_SELECTOR = YES;
				GCC_WARN_UNINITIALIZED_AUTOS = YES_AGGRESSIVE;
				GCC_WARN_UNUSED_FUNCTION = YES;
				GCC_WARN_UNUSED_VARIABLE = YES;
				IPHONEOS_DEPLOYMENT_TARGET = 11.4;
				MTL_ENABLE_DEBUG_INFO = YES;
				ONLY_ACTIVE_ARCH = YES;
				SDKROOT = iphoneos;
				SWIFT_ACTIVE_COMPILATION_CONDITIONS = DEBUG;
				SWIFT_OPTIMIZATION_LEVEL = "-Onone";
			};
			name = Debug;
		};
		4F7874E020E51EEC003CC8B5 /* Release */ = {
			isa = XCBuildConfiguration;
			buildSettings = {
				ALWAYS_SEARCH_USER_PATHS = NO;
				CLANG_ANALYZER_NONNULL = YES;
				CLANG_ANALYZER_NUMBER_OBJECT_CONVERSION = YES_AGGRESSIVE;
				CLANG_CXX_LANGUAGE_STANDARD = "gnu++14";
				CLANG_CXX_LIBRARY = "libc++";
				CLANG_ENABLE_MODULES = YES;
				CLANG_ENABLE_OBJC_ARC = YES;
				CLANG_ENABLE_OBJC_WEAK = YES;
				CLANG_WARN_BLOCK_CAPTURE_AUTORELEASING = YES;
				CLANG_WARN_BOOL_CONVERSION = YES;
				CLANG_WARN_COMMA = YES;
				CLANG_WARN_CONSTANT_CONVERSION = YES;
				CLANG_WARN_DEPRECATED_OBJC_IMPLEMENTATIONS = YES;
				CLANG_WARN_DIRECT_OBJC_ISA_USAGE = YES_ERROR;
				CLANG_WARN_DOCUMENTATION_COMMENTS = YES;
				CLANG_WARN_EMPTY_BODY = YES;
				CLANG_WARN_ENUM_CONVERSION = YES;
				CLANG_WARN_INFINITE_RECURSION = YES;
				CLANG_WARN_INT_CONVERSION = YES;
				CLANG_WARN_NON_LITERAL_NULL_CONVERSION = YES;
				CLANG_WARN_OBJC_IMPLICIT_RETAIN_SELF = YES;
				CLANG_WARN_OBJC_LITERAL_CONVERSION = YES;
				CLANG_WARN_OBJC_ROOT_CLASS = YES_ERROR;
				CLANG_WARN_RANGE_LOOP_ANALYSIS = YES;
				CLANG_WARN_STRICT_PROTOTYPES = YES;
				CLANG_WARN_SUSPICIOUS_MOVE = YES;
				CLANG_WARN_UNGUARDED_AVAILABILITY = YES_AGGRESSIVE;
				CLANG_WARN_UNREACHABLE_CODE = YES;
				CLANG_WARN__DUPLICATE_METHOD_MATCH = YES;
				CODE_SIGN_IDENTITY = "iPhone Developer";
				COPY_PHASE_STRIP = NO;
				DEBUG_INFORMATION_FORMAT = "dwarf-with-dsym";
				ENABLE_NS_ASSERTIONS = NO;
				ENABLE_STRICT_OBJC_MSGSEND = YES;
				GCC_C_LANGUAGE_STANDARD = gnu11;
				GCC_NO_COMMON_BLOCKS = YES;
				GCC_WARN_64_TO_32_BIT_CONVERSION = YES;
				GCC_WARN_ABOUT_RETURN_TYPE = YES_ERROR;
				GCC_WARN_UNDECLARED_SELECTOR = YES;
				GCC_WARN_UNINITIALIZED_AUTOS = YES_AGGRESSIVE;
				GCC_WARN_UNUSED_FUNCTION = YES;
				GCC_WARN_UNUSED_VARIABLE = YES;
				IPHONEOS_DEPLOYMENT_TARGET = 11.4;
				MTL_ENABLE_DEBUG_INFO = NO;
				SDKROOT = iphoneos;
				SWIFT_COMPILATION_MODE = wholemodule;
				SWIFT_OPTIMIZATION_LEVEL = "-O";
				VALIDATE_PRODUCT = YES;
			};
			name = Release;
		};
		4F7874E220E51EEC003CC8B5 /* Debug */ = {
			isa = XCBuildConfiguration;
			baseConfigurationReference = E0B2A33B8BDB726F5DE1DE79 /* Pods-W4D4.debug.xcconfig */;
			buildSettings = {
				ASSETCATALOG_COMPILER_APPICON_NAME = AppIcon;
				CODE_SIGN_STYLE = Automatic;
				DEVELOPMENT_TEAM = JA5QR95VM9;
				INFOPLIST_FILE = W4D4/Info.plist;
				LD_RUNPATH_SEARCH_PATHS = (
					"$(inherited)",
					"@executable_path/Frameworks",
				);
				PRODUCT_BUNDLE_IDENTIFIER = com.jasonliang.W4D4;
				PRODUCT_NAME = "$(TARGET_NAME)";
				SWIFT_VERSION = 4.0;
				TARGETED_DEVICE_FAMILY = "1,2";
			};
			name = Debug;
		};
		4F7874E320E51EEC003CC8B5 /* Release */ = {
			isa = XCBuildConfiguration;
			baseConfigurationReference = 7441CC36736221531B3EC7B3 /* Pods-W4D4.release.xcconfig */;
			buildSettings = {
				ASSETCATALOG_COMPILER_APPICON_NAME = AppIcon;
				CODE_SIGN_STYLE = Automatic;
				DEVELOPMENT_TEAM = JA5QR95VM9;
				INFOPLIST_FILE = W4D4/Info.plist;
				LD_RUNPATH_SEARCH_PATHS = (
					"$(inherited)",
					"@executable_path/Frameworks",
				);
				PRODUCT_BUNDLE_IDENTIFIER = com.jasonliang.W4D4;
				PRODUCT_NAME = "$(TARGET_NAME)";
				SWIFT_VERSION = 4.0;
				TARGETED_DEVICE_FAMILY = "1,2";
			};
			name = Release;
		};
/* End XCBuildConfiguration section */

/* Begin XCConfigurationList section */
		4F7874C820E51EEB003CC8B5 /* Build configuration list for PBXProject "W4D4" */ = {
			isa = XCConfigurationList;
			buildConfigurations = (
				4F7874DF20E51EEC003CC8B5 /* Debug */,
				4F7874E020E51EEC003CC8B5 /* Release */,
			);
			defaultConfigurationIsVisible = 0;
			defaultConfigurationName = Release;
		};
		4F7874E120E51EEC003CC8B5 /* Build configuration list for PBXNativeTarget "W4D4" */ = {
			isa = XCConfigurationList;
			buildConfigurations = (
				4F7874E220E51EEC003CC8B5 /* Debug */,
				4F7874E320E51EEC003CC8B5 /* Release */,
			);
			defaultConfigurationIsVisible = 0;
			defaultConfigurationName = Release;
		};
/* End XCConfigurationList section */
	};
	rootObject = 4F7874C520E51EEB003CC8B5 /* Project object */;
}
