// !$*UTF8*$!
{
	archiveVersion = 1;
	classes = {
	};
	objectVersion = 50;
	objects = {

/* Begin PBXBuildFile section */
		4F86BAF92100CE23008DB302 /* AppDelegate.swift in Sources */ = {isa = PBXBuildFile; fileRef = 4F86BAF82100CE23008DB302 /* AppDelegate.swift */; };
		4F86BAFB2100CE23008DB302 /* ViewController.swift in Sources */ = {isa = PBXBuildFile; fileRef = 4F86BAFA2100CE23008DB302 /* ViewController.swift */; };
		4F86BAFE2100CE23008DB302 /* Main.storyboard in Resources */ = {isa = PBXBuildFile; fileRef = 4F86BAFC2100CE23008DB302 /* Main.storyboard */; };
		4F86BB002100CE25008DB302 /* Assets.xcassets in Resources */ = {isa = PBXBuildFile; fileRef = 4F86BAFF2100CE25008DB302 /* Assets.xcassets */; };
		4F86BB032100CE25008DB302 /* LaunchScreen.storyboard in Resources */ = {isa = PBXBuildFile; fileRef = 4F86BB012100CE25008DB302 /* LaunchScreen.storyboard */; };
		4F86BB0D2100DB71008DB302 /* CircleView.m in Sources */ = {isa = PBXBuildFile; fileRef = 4F86BB0C2100DB71008DB302 /* CircleView.m */; };
/* End PBXBuildFile section */

/* Begin PBXFileReference section */
		4F86BAF52100CE23008DB302 /* W7D4.app */ = {isa = PBXFileReference; explicitFileType = wrapper.application; includeInIndex = 0; path = W7D4.app; sourceTree = BUILT_PRODUCTS_DIR; };
		4F86BAF82100CE23008DB302 /* AppDelegate.swift */ = {isa = PBXFileReference; lastKnownFileType = sourcecode.swift; path = AppDelegate.swift; sourceTree = "<group>"; };
		4F86BAFA2100CE23008DB302 /* ViewController.swift */ = {isa = PBXFileReference; lastKnownFileType = sourcecode.swift; path = ViewController.swift; sourceTree = "<group>"; };
		4F86BAFD2100CE23008DB302 /* Base */ = {isa = PBXFileReference; lastKnownFileType = file.storyboard; name = Base; path = Base.lproj/Main.storyboard; sourceTree = "<group>"; };
		4F86BAFF2100CE25008DB302 /* Assets.xcassets */ = {isa = PBXFileReference; lastKnownFileType = folder.assetcatalog; path = Assets.xcassets; sourceTree = "<group>"; };
		4F86BB022100CE25008DB302 /* Base */ = {isa = PBXFileReference; lastKnownFileType = file.storyboard; name = Base; path = Base.lproj/LaunchScreen.storyboard; sourceTree = "<group>"; };
		4F86BB042100CE25008DB302 /* Info.plist */ = {isa = PBXFileReference; lastKnownFileType = text.plist.xml; path = Info.plist; sourceTree = "<group>"; };
		4F86BB0A2100DB71008DB302 /* W7D4-Bridging-Header.h */ = {isa = PBXFileReference; lastKnownFileType = sourcecode.c.h; path = "W7D4-Bridging-Header.h"; sourceTree = "<group>"; };
		4F86BB0B2100DB71008DB302 /* CircleView.h */ = {isa = PBXFileReference; lastKnownFileType = sourcecode.c.h; path = CircleView.h; sourceTree = "<group>"; };
		4F86BB0C2100DB71008DB302 /* CircleView.m */ = {isa = PBXFileReference; lastKnownFileType = sourcecode.c.objc; path = CircleView.m; sourceTree = "<group>"; };
/* End PBXFileReference section */

/* Begin PBXFrameworksBuildPhase section */
		4F86BAF22100CE23008DB302 /* Frameworks */ = {
			isa = PBXFrameworksBuildPhase;
			buildActionMask = 2147483647;
			files = (
			);
			runOnlyForDeploymentPostprocessing = 0;
		};
/* End PBXFrameworksBuildPhase section */

/* Begin PBXGroup section */
		4F86BAEC2100CE23008DB302 = {
			isa = PBXGroup;
			children = (
				4F86BAF72100CE23008DB302 /* W7D4 */,
				4F86BAF62100CE23008DB302 /* Products */,
			);
			sourceTree = "<group>";
		};
		4F86BAF62100CE23008DB302 /* Products */ = {
			isa = PBXGroup;
			children = (
				4F86BAF52100CE23008DB302 /* W7D4.app */,
			);
			name = Products;
			sourceTree = "<group>";
		};
		4F86BAF72100CE23008DB302 /* W7D4 */ = {
			isa = PBXGroup;
			children = (
				4F86BAF82100CE23008DB302 /* AppDelegate.swift */,
				4F86BAFA2100CE23008DB302 /* ViewController.swift */,
				4F86BB0B2100DB71008DB302 /* CircleView.h */,
				4F86BB0C2100DB71008DB302 /* CircleView.m */,
				4F86BAFC2100CE23008DB302 /* Main.storyboard */,
				4F86BAFF2100CE25008DB302 /* Assets.xcassets */,
				4F86BB012100CE25008DB302 /* LaunchScreen.storyboard */,
				4F86BB042100CE25008DB302 /* Info.plist */,
				4F86BB0A2100DB71008DB302 /* W7D4-Bridging-Header.h */,
			);
			path = W7D4;
			sourceTree = "<group>";
		};
/* End PBXGroup section */

/* Begin PBXNativeTarget section */
		4F86BAF42100CE23008DB302 /* W7D4 */ = {
			isa = PBXNativeTarget;
			buildConfigurationList = 4F86BB072100CE26008DB302 /* Build configuration list for PBXNativeTarget "W7D4" */;
			buildPhases = (
				4F86BAF12100CE23008DB302 /* Sources */,
				4F86BAF22100CE23008DB302 /* Frameworks */,
				4F86BAF32100CE23008DB302 /* Resources */,
			);
			buildRules = (
			);
			dependencies = (
			);
			name = W7D4;
			productName = W7D4;
			productReference = 4F86BAF52100CE23008DB302 /* W7D4.app */;
			productType = "com.apple.product-type.application";
		};
/* End PBXNativeTarget section */

/* Begin PBXProject section */
		4F86BAED2100CE23008DB302 /* Project object */ = {
			isa = PBXProject;
			attributes = {
				LastSwiftUpdateCheck = 0940;
				LastUpgradeCheck = 0940;
				ORGANIZATIONNAME = jasonliang;
				TargetAttributes = {
					4F86BAF42100CE23008DB302 = {
						CreatedOnToolsVersion = 9.4.1;
						LastSwiftMigration = 0940;
					};
				};
			};
			buildConfigurationList = 4F86BAF02100CE23008DB302 /* Build configuration list for PBXProject "W7D4" */;
			compatibilityVersion = "Xcode 9.3";
			developmentRegion = en;
			hasScannedForEncodings = 0;
			knownRegions = (
				en,
				Base,
			);
			mainGroup = 4F86BAEC2100CE23008DB302;
			productRefGroup = 4F86BAF62100CE23008DB302 /* Products */;
			projectDirPath = "";
			projectRoot = "";
			targets = (
				4F86BAF42100CE23008DB302 /* W7D4 */,
			);
		};
/* End PBXProject section */

/* Begin PBXResourcesBuildPhase section */
		4F86BAF32100CE23008DB302 /* Resources */ = {
			isa = PBXResourcesBuildPhase;
			buildActionMask = 2147483647;
			files = (
				4F86BB032100CE25008DB302 /* LaunchScreen.storyboard in Resources */,
				4F86BB002100CE25008DB302 /* Assets.xcassets in Resources */,
				4F86BAFE2100CE23008DB302 /* Main.storyboard in Resources */,
			);
			runOnlyForDeploymentPostprocessing = 0;
		};
/* End PBXResourcesBuildPhase section */

/* Begin PBXSourcesBuildPhase section */
		4F86BAF12100CE23008DB302 /* Sources */ = {
			isa = PBXSourcesBuildPhase;
			buildActionMask = 2147483647;
			files = (
				4F86BAFB2100CE23008DB302 /* ViewController.swift in Sources */,
				4F86BAF92100CE23008DB302 /* AppDelegate.swift in Sources */,
				4F86BB0D2100DB71008DB302 /* CircleView.m in Sources */,
			);
			runOnlyForDeploymentPostprocessing = 0;
		};
/* End PBXSourcesBuildPhase section */

/* Begin PBXVariantGroup section */
		4F86BAFC2100CE23008DB302 /* Main.storyboard */ = {
			isa = PBXVariantGroup;
			children = (
				4F86BAFD2100CE23008DB302 /* Base */,
			);
			name = Main.storyboard;
			sourceTree = "<group>";
		};
		4F86BB012100CE25008DB302 /* LaunchScreen.storyboard */ = {
			isa = PBXVariantGroup;
			children = (
				4F86BB022100CE25008DB302 /* Base */,
			);
			name = LaunchScreen.storyboard;
			sourceTree = "<group>";
		};
/* End PBXVariantGroup section */

/* Begin XCBuildConfiguration section */
		4F86BB052100CE25008DB302 /* Debug */ = {
			isa = XCBuildConfiguration;
			buildSettings = {
				ALWAYS_SEARCH_USER_PATHS = NO;
				CLANG_ANALYZER_NONNULL = YES;
				CLANG_ANALYZER_NUMBER_OBJECT_CONVERSION = YES_AGGRESSIVE;
				CLANG_CXX_LANGUAGE_STANDARD = "gnu++14";
				CLANG_CXX_LIBRARY = "libc++";
				CLANG_ENABLE_MODULES = YES;
				CLANG_ENABLE_OBJC_ARC = YES;
				CLANG_ENABLE_OBJC_WEAK = YES;
				CLANG_WARN_BLOCK_CAPTURE_AUTORELEASING = YES;
				CLANG_WARN_BOOL_CONVERSION = YES;
				CLANG_WARN_COMMA = YES;
				CLANG_WARN_CONSTANT_CONVERSION = YES;
				CLANG_WARN_DEPRECATED_OBJC_IMPLEMENTATIONS = YES;
				CLANG_WARN_DIRECT_OBJC_ISA_USAGE = YES_ERROR;
				CLANG_WARN_DOCUMENTATION_COMMENTS = YES;
				CLANG_WARN_EMPTY_BODY = YES;
				CLANG_WARN_ENUM_CONVERSION = YES;
				CLANG_WARN_INFINITE_RECURSION = YES;
				CLANG_WARN_INT_CONVERSION = YES;
				CLANG_WARN_NON_LITERAL_NULL_CONVERSION = YES;
				CLANG_WARN_OBJC_IMPLICIT_RETAIN_SELF = YES;
				CLANG_WARN_OBJC_LITERAL_CONVERSION = YES;
				CLANG_WARN_OBJC_ROOT_CLASS = YES_ERROR;
				CLANG_WARN_RANGE_LOOP_ANALYSIS = YES;
				CLANG_WARN_STRICT_PROTOTYPES = YES;
				CLANG_WARN_SUSPICIOUS_MOVE = YES;
				CLANG_WARN_UNGUARDED_AVAILABILITY = YES_AGGRESSIVE;
				CLANG_WARN_UNREACHABLE_CODE = YES;
				CLANG_WARN__DUPLICATE_METHOD_MATCH = YES;
				CODE_SIGN_IDENTITY = "iPhone Developer";
				COPY_PHASE_STRIP = NO;
				DEBUG_INFORMATION_FORMAT = dwarf;
				ENABLE_STRICT_OBJC_MSGSEND = YES;
				ENABLE_TESTABILITY = YES;
				GCC_C_LANGUAGE_STANDARD = gnu11;
				GCC_DYNAMIC_NO_PIC = NO;
				GCC_NO_COMMON_BLOCKS = YES;
				GCC_OPTIMIZATION_LEVEL = 0;
				GCC_PREPROCESSOR_DEFINITIONS = (
					"DEBUG=1",
					"$(inherited)",
				);
				GCC_WARN_64_TO_32_BIT_CONVERSION = YES;
				GCC_WARN_ABOUT_RETURN_TYPE = YES_ERROR;
				GCC_WARN_UNDECLARED_SELECTOR = YES;
				GCC_WARN_UNINITIALIZED_AUTOS = YES_AGGRESSIVE;
				GCC_WARN_UNUSED_FUNCTION = YES;
				GCC_WARN_UNUSED_VARIABLE = YES;
				IPHONEOS_DEPLOYMENT_TARGET = 11.4;
				MTL_ENABLE_DEBUG_INFO = YES;
				ONLY_ACTIVE_ARCH = YES;
				SDKROOT = iphoneos;
				SWIFT_ACTIVE_COMPILATION_CONDITIONS = DEBUG;
				SWIFT_OPTIMIZATION_LEVEL = "-Onone";
			};
			name = Debug;
		};
		4F86BB062100CE25008DB302 /* Release */ = {
			isa = XCBuildConfiguration;
			buildSettings = {
				ALWAYS_SEARCH_USER_PATHS = NO;
				CLANG_ANALYZER_NONNULL = YES;
				CLANG_ANALYZER_NUMBER_OBJECT_CONVERSION = YES_AGGRESSIVE;
				CLANG_CXX_LANGUAGE_STANDARD = "gnu++14";
				CLANG_CXX_LIBRARY = "libc++";
				CLANG_ENABLE_MODULES = YES;
				CLANG_ENABLE_OBJC_ARC = YES;
				CLANG_ENABLE_OBJC_WEAK = YES;
				CLANG_WARN_BLOCK_CAPTURE_AUTORELEASING = YES;
				CLANG_WARN_BOOL_CONVERSION = YES;
				CLANG_WARN_COMMA = YES;
				CLANG_WARN_CONSTANT_CONVERSION = YES;
				CLANG_WARN_DEPRECATED_OBJC_IMPLEMENTATIONS = YES;
				CLANG_WARN_DIRECT_OBJC_ISA_USAGE = YES_ERROR;
				CLANG_WARN_DOCUMENTATION_COMMENTS = YES;
				CLANG_WARN_EMPTY_BODY = YES;
				CLANG_WARN_ENUM_CONVERSION = YES;
				CLANG_WARN_INFINITE_RECURSION = YES;
				CLANG_WARN_INT_CONVERSION = YES;
				CLANG_WARN_NON_LITERAL_NULL_CONVERSION = YES;
				CLANG_WARN_OBJC_IMPLICIT_RETAIN_SELF = YES;
				CLANG_WARN_OBJC_LITERAL_CONVERSION = YES;
				CLANG_WARN_OBJC_ROOT_CLASS = YES_ERROR;
				CLANG_WARN_RANGE_LOOP_ANALYSIS = YES;
				CLANG_WARN_STRICT_PROTOTYPES = YES;
				CLANG_WARN_SUSPICIOUS_MOVE = YES;
				CLANG_WARN_UNGUARDED_AVAILABILITY = YES_AGGRESSIVE;
				CLANG_WARN_UNREACHABLE_CODE = YES;
				CLANG_WARN__DUPLICATE_METHOD_MATCH = YES;
				CODE_SIGN_IDENTITY = "iPhone Developer";
				COPY_PHASE_STRIP = NO;
				DEBUG_INFORMATION_FORMAT = "dwarf-with-dsym";
				ENABLE_NS_ASSERTIONS = NO;
				ENABLE_STRICT_OBJC_MSGSEND = YES;
				GCC_C_LANGUAGE_STANDARD = gnu11;
				GCC_NO_COMMON_BLOCKS = YES;
				GCC_WARN_64_TO_32_BIT_CONVERSION = YES;
				GCC_WARN_ABOUT_RETURN_TYPE = YES_ERROR;
				GCC_WARN_UNDECLARED_SELECTOR = YES;
				GCC_WARN_UNINITIALIZED_AUTOS = YES_AGGRESSIVE;
				GCC_WARN_UNUSED_FUNCTION = YES;
				GCC_WARN_UNUSED_VARIABLE = YES;
				IPHONEOS_DEPLOYMENT_TARGET = 11.4;
				MTL_ENABLE_DEBUG_INFO = NO;
				SDKROOT = iphoneos;
				SWIFT_COMPILATION_MODE = wholemodule;
				SWIFT_OPTIMIZATION_LEVEL = "-O";
				VALIDATE_PRODUCT = YES;
			};
			name = Release;
		};
		4F86BB082100CE26008DB302 /* Debug */ = {
			isa = XCBuildConfiguration;
			buildSettings = {
				ASSETCATALOG_COMPILER_APPICON_NAME = AppIcon;
				CLANG_ENABLE_MODULES = YES;
				CODE_SIGN_STYLE = Automatic;
				DEVELOPMENT_TEAM = JA5QR95VM9;
				INFOPLIST_FILE = W7D4/Info.plist;
				LD_RUNPATH_SEARCH_PATHS = (
					"$(inherited)",
					"@executable_path/Frameworks",
				);
				PRODUCT_BUNDLE_IDENTIFIER = com.jasonliang.W7D4;
				PRODUCT_NAME = "$(TARGET_NAME)";
				SWIFT_OBJC_BRIDGING_HEADER = "W7D4/W7D4-Bridging-Header.h";
				SWIFT_OPTIMIZATION_LEVEL = "-Onone";
				SWIFT_VERSION = 4.0;
				TARGETED_DEVICE_FAMILY = "1,2";
			};
			name = Debug;
		};
		4F86BB092100CE26008DB302 /* Release */ = {
			isa = XCBuildConfiguration;
			buildSettings = {
				ASSETCATALOG_COMPILER_APPICON_NAME = AppIcon;
				CLANG_ENABLE_MODULES = YES;
				CODE_SIGN_STYLE = Automatic;
				DEVELOPMENT_TEAM = JA5QR95VM9;
				INFOPLIST_FILE = W7D4/Info.plist;
				LD_RUNPATH_SEARCH_PATHS = (
					"$(inherited)",
					"@executable_path/Frameworks",
				);
				PRODUCT_BUNDLE_IDENTIFIER = com.jasonliang.W7D4;
				PRODUCT_NAME = "$(TARGET_NAME)";
				SWIFT_OBJC_BRIDGING_HEADER = "W7D4/W7D4-Bridging-Header.h";
				SWIFT_VERSION = 4.0;
				TARGETED_DEVICE_FAMILY = "1,2";
			};
			name = Release;
		};
/* End XCBuildConfiguration section */

/* Begin XCConfigurationList section */
		4F86BAF02100CE23008DB302 /* Build configuration list for PBXProject "W7D4" */ = {
			isa = XCConfigurationList;
			buildConfigurations = (
				4F86BB052100CE25008DB302 /* Debug */,
				4F86BB062100CE25008DB302 /* Release */,
			);
			defaultConfigurationIsVisible = 0;
			defaultConfigurationName = Release;
		};
		4F86BB072100CE26008DB302 /* Build configuration list for PBXNativeTarget "W7D4" */ = {
			isa = XCConfigurationList;
			buildConfigurations = (
				4F86BB082100CE26008DB302 /* Debug */,
				4F86BB092100CE26008DB302 /* Release */,
			);
			defaultConfigurationIsVisible = 0;
			defaultConfigurationName = Release;
		};
/* End XCConfigurationList section */
	};
	rootObject = 4F86BAED2100CE23008DB302 /* Project object */;
}
